
Microsoft Visual Studio Solution File, Format Version 12.00
# Visual Studio 15
VisualStudioVersion = 15.0.27703.2042
MinimumVisualStudioVersion = 10.0.40219.1
Project("{FAE04EC0-301F-11D3-BF4B-00C04F79EFBC}") = "App06_Tarefas.Android", "App06_Tarefas\App06_Tarefas.Android\App06_Tarefas.Android.csproj", "{B47A7373-A946-40EB-BF5F-E0C8DEAA82EC}"
EndProject
Project("{FAE04EC0-301F-11D3-BF4B-00C04F79EFBC}") = "App06_Tarefas.iOS", "App06_Tarefas\App06_Tarefas.iOS\App06_Tarefas.iOS.csproj", "{12421968-4A16-4D90-A5F8-706F790E7463}"
EndProject
Project("{FAE04EC0-301F-11D3-BF4B-00C04F79EFBC}") = "App06_Tarefas.UWP", "App06_Tarefas\App06_Tarefas.UWP\App06_Tarefas.UWP.csproj", "{24B8D25C-4A96-410A-BA86-A6FB7C6F47A6}"
EndProject
Project("{FAE04EC0-301F-11D3-BF4B-00C04F79EFBC}") = "App06_Tarefas", "App06_Tarefas\App06_Tarefas\App06_Tarefas.csproj", "{CF09E455-863E-4A5D-B2E9-B5506F1CBE76}"
EndProject
Global
	GlobalSection(SolutionConfigurationPlatforms) = preSolution
		Ad-Hoc|Any CPU = Ad-Hoc|Any CPU
		Ad-Hoc|ARM = Ad-Hoc|ARM
		Ad-Hoc|iPhone = Ad-Hoc|iPhone
		Ad-Hoc|iPhoneSimulator = Ad-Hoc|iPhoneSimulator
		Ad-Hoc|x64 = Ad-Hoc|x64
		Ad-Hoc|x86 = Ad-Hoc|x86
		AppStore|Any CPU = AppStore|Any CPU
		AppStore|ARM = AppStore|ARM
		AppStore|iPhone = AppStore|iPhone
		AppStore|iPhoneSimulator = AppStore|iPhoneSimulator
		AppStore|x64 = AppStore|x64
		AppStore|x86 = AppStore|x86
		Debug|Any CPU = Debug|Any CPU
		Debug|ARM = Debug|ARM
		Debug|iPhone = Debug|iPhone
		Debug|iPhoneSimulator = Debug|iPhoneSimulator
		Debug|x64 = Debug|x64
		Debug|x86 = Debug|x86
		Release|Any CPU = Release|Any CPU
		Release|ARM = Release|ARM
		Release|iPhone = Release|iPhone
		Release|iPhoneSimulator = Release|iPhoneSimulator
		Release|x64 = Release|x64
		Release|x86 = Release|x86
	EndGlobalSection
	GlobalSection(ProjectConfigurationPlatforms) = postSolution
		{B47A7373-A946-40EB-BF5F-E0C8DEAA82EC}.Ad-Hoc|Any CPU.ActiveCfg = Release|Any CPU
		{B47A7373-A946-40EB-BF5F-E0C8DEAA82EC}.Ad-Hoc|Any CPU.Build.0 = Release|Any CPU
		{B47A7373-A946-40EB-BF5F-E0C8DEAA82EC}.Ad-Hoc|Any CPU.Deploy.0 = Release|Any CPU
		{B47A7373-A946-40EB-BF5F-E0C8DEAA82EC}.Ad-Hoc|ARM.ActiveCfg = Release|Any CPU
		{B47A7373-A946-40EB-BF5F-E0C8DEAA82EC}.Ad-Hoc|ARM.Build.0 = Release|Any CPU
		{B47A7373-A946-40EB-BF5F-E0C8DEAA82EC}.Ad-Hoc|ARM.Deploy.0 = Release|Any CPU
		{B47A7373-A946-40EB-BF5F-E0C8DEAA82EC}.Ad-Hoc|iPhone.ActiveCfg = Release|Any CPU
		{B47A7373-A946-40EB-BF5F-E0C8DEAA82EC}.Ad-Hoc|iPhone.Build.0 = Release|Any CPU
		{B47A7373-A946-40EB-BF5F-E0C8DEAA82EC}.Ad-Hoc|iPhone.Deploy.0 = Release|Any CPU
		{B47A7373-A946-40EB-BF5F-E0C8DEAA82EC}.Ad-Hoc|iPhoneSimulator.ActiveCfg = Release|Any CPU
		{B47A7373-A946-40EB-BF5F-E0C8DEAA82EC}.Ad-Hoc|iPhoneSimulator.Build.0 = Release|Any CPU
		{B47A7373-A946-40EB-BF5F-E0C8DEAA82EC}.Ad-Hoc|iPhoneSimulator.Deploy.0 = Release|Any CPU
		{B47A7373-A946-40EB-BF5F-E0C8DEAA82EC}.Ad-Hoc|x64.ActiveCfg = Release|Any CPU
		{B47A7373-A946-40EB-BF5F-E0C8DEAA82EC}.Ad-Hoc|x64.Build.0 = Release|Any CPU
		{B47A7373-A946-40EB-BF5F-E0C8DEAA82EC}.Ad-Hoc|x64.Deploy.0 = Release|Any CPU
		{B47A7373-A946-40EB-BF5F-E0C8DEAA82EC}.Ad-Hoc|x86.ActiveCfg = Release|Any CPU
		{B47A7373-A946-40EB-BF5F-E0C8DEAA82EC}.Ad-Hoc|x86.Build.0 = Release|Any CPU
		{B47A7373-A946-40EB-BF5F-E0C8DEAA82EC}.Ad-Hoc|x86.Deploy.0 = Release|Any CPU
		{B47A7373-A946-40EB-BF5F-E0C8DEAA82EC}.AppStore|Any CPU.ActiveCfg = Release|Any CPU
		{B47A7373-A946-40EB-BF5F-E0C8DEAA82EC}.AppStore|Any CPU.Build.0 = Release|Any CPU
		{B47A7373-A946-40EB-BF5F-E0C8DEAA82EC}.AppStore|Any CPU.Deploy.0 = Release|Any CPU
		{B47A7373-A946-40EB-BF5F-E0C8DEAA82EC}.AppStore|ARM.ActiveCfg = Release|Any CPU
		{B47A7373-A946-40EB-BF5F-E0C8DEAA82EC}.AppStore|ARM.Build.0 = Release|Any CPU
		{B47A7373-A946-40EB-BF5F-E0C8DEAA82EC}.AppStore|ARM.Deploy.0 = Release|Any CPU
		{B47A7373-A946-40EB-BF5F-E0C8DEAA82EC}.AppStore|iPhone.ActiveCfg = Release|Any CPU
		{B47A7373-A946-40EB-BF5F-E0C8DEAA82EC}.AppStore|iPhone.Build.0 = Release|Any CPU
		{B47A7373-A946-40EB-BF5F-E0C8DEAA82EC}.AppStore|iPhone.Deploy.0 = Release|Any CPU
		{B47A7373-A946-40EB-BF5F-E0C8DEAA82EC}.AppStore|iPhoneSimulator.ActiveCfg = Release|Any CPU
		{B47A7373-A946-40EB-BF5F-E0C8DEAA82EC}.AppStore|iPhoneSimulator.Build.0 = Release|Any CPU
		{B47A7373-A946-40EB-BF5F-E0C8DEAA82EC}.AppStore|iPhoneSimulator.Deploy.0 = Release|Any CPU
		{B47A7373-A946-40EB-BF5F-E0C8DEAA82EC}.AppStore|x64.ActiveCfg = Release|Any CPU
		{B47A7373-A946-40EB-BF5F-E0C8DEAA82EC}.AppStore|x64.Build.0 = Release|Any CPU
		{B47A7373-A946-40EB-BF5F-E0C8DEAA82EC}.AppStore|x64.Deploy.0 = Release|Any CPU
		{B47A7373-A946-40EB-BF5F-E0C8DEAA82EC}.AppStore|x86.ActiveCfg = Release|Any CPU
		{B47A7373-A946-40EB-BF5F-E0C8DEAA82EC}.AppStore|x86.Build.0 = Release|Any CPU
		{B47A7373-A946-40EB-BF5F-E0C8DEAA82EC}.AppStore|x86.Deploy.0 = Release|Any CPU
		{B47A7373-A946-40EB-BF5F-E0C8DEAA82EC}.Debug|Any CPU.ActiveCfg = Debug|Any CPU
		{B47A7373-A946-40EB-BF5F-E0C8DEAA82EC}.Debug|Any CPU.Build.0 = Debug|Any CPU
		{B47A7373-A946-40EB-BF5F-E0C8DEAA82EC}.Debug|Any CPU.Deploy.0 = Debug|Any CPU
		{B47A7373-A946-40EB-BF5F-E0C8DEAA82EC}.Debug|ARM.ActiveCfg = Debug|Any CPU
		{B47A7373-A946-40EB-BF5F-E0C8DEAA82EC}.Debug|ARM.Build.0 = Debug|Any CPU
		{B47A7373-A946-40EB-BF5F-E0C8DEAA82EC}.Debug|ARM.Deploy.0 = Debug|Any CPU
		{B47A7373-A946-40EB-BF5F-E0C8DEAA82EC}.Debug|iPhone.ActiveCfg = Debug|Any CPU
		{B47A7373-A946-40EB-BF5F-E0C8DEAA82EC}.Debug|iPhone.Build.0 = Debug|Any CPU
		{B47A7373-A946-40EB-BF5F-E0C8DEAA82EC}.Debug|iPhone.Deploy.0 = Debug|Any CPU
		{B47A7373-A946-40EB-BF5F-E0C8DEAA82EC}.Debug|iPhoneSimulator.ActiveCfg = Debug|Any CPU
		{B47A7373-A946-40EB-BF5F-E0C8DEAA82EC}.Debug|iPhoneSimulator.Build.0 = Debug|Any CPU
		{B47A7373-A946-40EB-BF5F-E0C8DEAA82EC}.Debug|iPhoneSimulator.Deploy.0 = Debug|Any CPU
		{B47A7373-A946-40EB-BF5F-E0C8DEAA82EC}.Debug|x64.ActiveCfg = Debug|Any CPU
		{B47A7373-A946-40EB-BF5F-E0C8DEAA82EC}.Debug|x64.Build.0 = Debug|Any CPU
		{B47A7373-A946-40EB-BF5F-E0C8DEAA82EC}.Debug|x64.Deploy.0 = Debug|Any CPU
		{B47A7373-A946-40EB-BF5F-E0C8DEAA82EC}.Debug|x86.ActiveCfg = Debug|Any CPU
		{B47A7373-A946-40EB-BF5F-E0C8DEAA82EC}.Debug|x86.Build.0 = Debug|Any CPU
		{B47A7373-A946-40EB-BF5F-E0C8DEAA82EC}.Debug|x86.Deploy.0 = Debug|Any CPU
		{B47A7373-A946-40EB-BF5F-E0C8DEAA82EC}.Release|Any CPU.ActiveCfg = Release|Any CPU
		{B47A7373-A946-40EB-BF5F-E0C8DEAA82EC}.Release|Any CPU.Build.0 = Release|Any CPU
		{B47A7373-A946-40EB-BF5F-E0C8DEAA82EC}.Release|Any CPU.Deploy.0 = Release|Any CPU
		{B47A7373-A946-40EB-BF5F-E0C8DEAA82EC}.Release|ARM.ActiveCfg = Release|Any CPU
		{B47A7373-A946-40EB-BF5F-E0C8DEAA82EC}.Release|ARM.Build.0 = Release|Any CPU
		{B47A7373-A946-40EB-BF5F-E0C8DEAA82EC}.Release|ARM.Deploy.0 = Release|Any CPU
		{B47A7373-A946-40EB-BF5F-E0C8DEAA82EC}.Release|iPhone.ActiveCfg = Release|Any CPU
		{B47A7373-A946-40EB-BF5F-E0C8DEAA82EC}.Release|iPhone.Build.0 = Release|Any CPU
		{B47A7373-A946-40EB-BF5F-E0C8DEAA82EC}.Release|iPhone.Deploy.0 = Release|Any CPU
		{B47A7373-A946-40EB-BF5F-E0C8DEAA82EC}.Release|iPhoneSimulator.ActiveCfg = Release|Any CPU
		{B47A7373-A946-40EB-BF5F-E0C8DEAA82EC}.Release|iPhoneSimulator.Build.0 = Release|Any CPU
		{B47A7373-A946-40EB-BF5F-E0C8DEAA82EC}.Release|iPhoneSimulator.Deploy.0 = Release|Any CPU
		{B47A7373-A946-40EB-BF5F-E0C8DEAA82EC}.Release|x64.ActiveCfg = Release|Any CPU
		{B47A7373-A946-40EB-BF5F-E0C8DEAA82EC}.Release|x64.Build.0 = Release|Any CPU
		{B47A7373-A946-40EB-BF5F-E0C8DEAA82EC}.Release|x64.Deploy.0 = Release|Any CPU
		{B47A7373-A946-40EB-BF5F-E0C8DEAA82EC}.Release|x86.ActiveCfg = Release|Any CPU
		{B47A7373-A946-40EB-BF5F-E0C8DEAA82EC}.Release|x86.Build.0 = Release|Any CPU
		{B47A7373-A946-40EB-BF5F-E0C8DEAA82EC}.Release|x86.Deploy.0 = Release|Any CPU
		{12421968-4A16-4D90-A5F8-706F790E7463}.Ad-Hoc|Any CPU.ActiveCfg = Ad-Hoc|iPhone
		{12421968-4A16-4D90-A5F8-706F790E7463}.Ad-Hoc|Any CPU.Build.0 = Ad-Hoc|iPhone
		{12421968-4A16-4D90-A5F8-706F790E7463}.Ad-Hoc|Any CPU.Deploy.0 = Ad-Hoc|iPhone
		{12421968-4A16-4D90-A5F8-706F790E7463}.Ad-Hoc|ARM.ActiveCfg = Ad-Hoc|iPhone
		{12421968-4A16-4D90-A5F8-706F790E7463}.Ad-Hoc|ARM.Build.0 = Ad-Hoc|iPhone
		{12421968-4A16-4D90-A5F8-706F790E7463}.Ad-Hoc|ARM.Deploy.0 = Ad-Hoc|iPhone
		{12421968-4A16-4D90-A5F8-706F790E7463}.Ad-Hoc|iPhone.ActiveCfg = Ad-Hoc|iPhone
		{12421968-4A16-4D90-A5F8-706F790E7463}.Ad-Hoc|iPhone.Build.0 = Ad-Hoc|iPhone
		{12421968-4A16-4D90-A5F8-706F790E7463}.Ad-Hoc|iPhone.Deploy.0 = Ad-Hoc|iPhone
		{12421968-4A16-4D90-A5F8-706F790E7463}.Ad-Hoc|iPhoneSimulator.ActiveCfg = Ad-Hoc|iPhoneSimulator
		{12421968-4A16-4D90-A5F8-706F790E7463}.Ad-Hoc|iPhoneSimulator.Build.0 = Ad-Hoc|iPhoneSimulator
		{12421968-4A16-4D90-A5F8-706F790E7463}.Ad-Hoc|iPhoneSimulator.Deploy.0 = Ad-Hoc|iPhoneSimulator
		{12421968-4A16-4D90-A5F8-706F790E7463}.Ad-Hoc|x64.ActiveCfg = Ad-Hoc|iPhone
		{12421968-4A16-4D90-A5F8-706F790E7463}.Ad-Hoc|x64.Build.0 = Ad-Hoc|iPhone
		{12421968-4A16-4D90-A5F8-706F790E7463}.Ad-Hoc|x64.Deploy.0 = Ad-Hoc|iPhone
		{12421968-4A16-4D90-A5F8-706F790E7463}.Ad-Hoc|x86.ActiveCfg = Ad-Hoc|iPhone
		{12421968-4A16-4D90-A5F8-706F790E7463}.Ad-Hoc|x86.Build.0 = Ad-Hoc|iPhone
		{12421968-4A16-4D90-A5F8-706F790E7463}.Ad-Hoc|x86.Deploy.0 = Ad-Hoc|iPhone
		{12421968-4A16-4D90-A5F8-706F790E7463}.AppStore|Any CPU.ActiveCfg = AppStore|iPhone
		{12421968-4A16-4D90-A5F8-706F790E7463}.AppStore|Any CPU.Build.0 = AppStore|iPhone
		{12421968-4A16-4D90-A5F8-706F790E7463}.AppStore|Any CPU.Deploy.0 = AppStore|iPhone
		{12421968-4A16-4D90-A5F8-706F790E7463}.AppStore|ARM.ActiveCfg = AppStore|iPhone
		{12421968-4A16-4D90-A5F8-706F790E7463}.AppStore|ARM.Build.0 = AppStore|iPhone
		{12421968-4A16-4D90-A5F8-706F790E7463}.AppStore|ARM.Deploy.0 = AppStore|iPhone
		{12421968-4A16-4D90-A5F8-706F790E7463}.AppStore|iPhone.ActiveCfg = AppStore|iPhone
		{12421968-4A16-4D90-A5F8-706F790E7463}.AppStore|iPhone.Build.0 = AppStore|iPhone
		{12421968-4A16-4D90-A5F8-706F790E7463}.AppStore|iPhone.Deploy.0 = AppStore|iPhone
		{12421968-4A16-4D90-A5F8-706F790E7463}.AppStore|iPhoneSimulator.ActiveCfg = AppStore|iPhoneSimulator
		{12421968-4A16-4D90-A5F8-706F790E7463}.AppStore|iPhoneSimulator.Build.0 = AppStore|iPhoneSimulator
		{12421968-4A16-4D90-A5F8-706F790E7463}.AppStore|iPhoneSimulator.Deploy.0 = AppStore|iPhoneSimulator
		{12421968-4A16-4D90-A5F8-706F790E7463}.AppStore|x64.ActiveCfg = AppStore|iPhone
		{12421968-4A16-4D90-A5F8-706F790E7463}.AppStore|x64.Build.0 = AppStore|iPhone
		{12421968-4A16-4D90-A5F8-706F790E7463}.AppStore|x64.Deploy.0 = AppStore|iPhone
		{12421968-4A16-4D90-A5F8-706F790E7463}.AppStore|x86.ActiveCfg = AppStore|iPhone
		{12421968-4A16-4D90-A5F8-706F790E7463}.AppStore|x86.Build.0 = AppStore|iPhone
		{12421968-4A16-4D90-A5F8-706F790E7463}.AppStore|x86.Deploy.0 = AppStore|iPhone
		{12421968-4A16-4D90-A5F8-706F790E7463}.Debug|Any CPU.ActiveCfg = Debug|iPhoneSimulator
		{12421968-4A16-4D90-A5F8-706F790E7463}.Debug|Any CPU.Build.0 = Debug|iPhoneSimulator
		{12421968-4A16-4D90-A5F8-706F790E7463}.Debug|Any CPU.Deploy.0 = Debug|iPhoneSimulator
		{12421968-4A16-4D90-A5F8-706F790E7463}.Debug|ARM.ActiveCfg = Debug|iPhone
		{12421968-4A16-4D90-A5F8-706F790E7463}.Debug|ARM.Build.0 = Debug|iPhone
		{12421968-4A16-4D90-A5F8-706F790E7463}.Debug|ARM.Deploy.0 = Debug|iPhone
		{12421968-4A16-4D90-A5F8-706F790E7463}.Debug|iPhone.ActiveCfg = Debug|iPhone
		{12421968-4A16-4D90-A5F8-706F790E7463}.Debug|iPhone.Build.0 = Debug|iPhone
		{12421968-4A16-4D90-A5F8-706F790E7463}.Debug|iPhone.Deploy.0 = Debug|iPhone
		{12421968-4A16-4D90-A5F8-706F790E7463}.Debug|iPhoneSimulator.ActiveCfg = Debug|iPhoneSimulator
		{12421968-4A16-4D90-A5F8-706F790E7463}.Debug|iPhoneSimulator.Build.0 = Debug|iPhoneSimulator
		{12421968-4A16-4D90-A5F8-706F790E7463}.Debug|iPhoneSimulator.Deploy.0 = Debug|iPhoneSimulator
		{12421968-4A16-4D90-A5F8-706F790E7463}.Debug|x64.ActiveCfg = Debug|iPhone
		{12421968-4A16-4D90-A5F8-706F790E7463}.Debug|x64.Build.0 = Debug|iPhone
		{12421968-4A16-4D90-A5F8-706F790E7463}.Debug|x64.Deploy.0 = Debug|iPhone
		{12421968-4A16-4D90-A5F8-706F790E7463}.Debug|x86.ActiveCfg = Debug|iPhone
		{12421968-4A16-4D90-A5F8-706F790E7463}.Debug|x86.Build.0 = Debug|iPhone
		{12421968-4A16-4D90-A5F8-706F790E7463}.Debug|x86.Deploy.0 = Debug|iPhone
		{12421968-4A16-4D90-A5F8-706F790E7463}.Release|Any CPU.ActiveCfg = Release|iPhone
		{12421968-4A16-4D90-A5F8-706F790E7463}.Release|Any CPU.Build.0 = Release|iPhone
		{12421968-4A16-4D90-A5F8-706F790E7463}.Release|Any CPU.Deploy.0 = Release|iPhone
		{12421968-4A16-4D90-A5F8-706F790E7463}.Release|ARM.ActiveCfg = Release|iPhone
		{12421968-4A16-4D90-A5F8-706F790E7463}.Release|ARM.Build.0 = Release|iPhone
		{12421968-4A16-4D90-A5F8-706F790E7463}.Release|ARM.Deploy.0 = Release|iPhone
		{12421968-4A16-4D90-A5F8-706F790E7463}.Release|iPhone.ActiveCfg = Release|iPhone
		{12421968-4A16-4D90-A5F8-706F790E7463}.Release|iPhone.Build.0 = Release|iPhone
		{12421968-4A16-4D90-A5F8-706F790E7463}.Release|iPhone.Deploy.0 = Release|iPhone
		{12421968-4A16-4D90-A5F8-706F790E7463}.Release|iPhoneSimulator.ActiveCfg = Release|iPhoneSimulator
		{12421968-4A16-4D90-A5F8-706F790E7463}.Release|iPhoneSimulator.Build.0 = Release|iPhoneSimulator
		{12421968-4A16-4D90-A5F8-706F790E7463}.Release|iPhoneSimulator.Deploy.0 = Release|iPhoneSimulator
		{12421968-4A16-4D90-A5F8-706F790E7463}.Release|x64.ActiveCfg = Release|iPhone
		{12421968-4A16-4D90-A5F8-706F790E7463}.Release|x64.Build.0 = Release|iPhone
		{12421968-4A16-4D90-A5F8-706F790E7463}.Release|x64.Deploy.0 = Release|iPhone
		{12421968-4A16-4D90-A5F8-706F790E7463}.Release|x86.ActiveCfg = Release|iPhone
		{12421968-4A16-4D90-A5F8-706F790E7463}.Release|x86.Build.0 = Release|iPhone
		{12421968-4A16-4D90-A5F8-706F790E7463}.Release|x86.Deploy.0 = Release|iPhone
		{24B8D25C-4A96-410A-BA86-A6FB7C6F47A6}.Ad-Hoc|Any CPU.ActiveCfg = Release|x86
		{24B8D25C-4A96-410A-BA86-A6FB7C6F47A6}.Ad-Hoc|Any CPU.Build.0 = Release|x86
		{24B8D25C-4A96-410A-BA86-A6FB7C6F47A6}.Ad-Hoc|Any CPU.Deploy.0 = Release|x86
		{24B8D25C-4A96-410A-BA86-A6FB7C6F47A6}.Ad-Hoc|ARM.ActiveCfg = Release|ARM
		{24B8D25C-4A96-410A-BA86-A6FB7C6F47A6}.Ad-Hoc|ARM.Build.0 = Release|ARM
		{24B8D25C-4A96-410A-BA86-A6FB7C6F47A6}.Ad-Hoc|ARM.Deploy.0 = Release|ARM
		{24B8D25C-4A96-410A-BA86-A6FB7C6F47A6}.Ad-Hoc|iPhone.ActiveCfg = Release|x86
		{24B8D25C-4A96-410A-BA86-A6FB7C6F47A6}.Ad-Hoc|iPhone.Build.0 = Release|x86
		{24B8D25C-4A96-410A-BA86-A6FB7C6F47A6}.Ad-Hoc|iPhone.Deploy.0 = Release|x86
		{24B8D25C-4A96-410A-BA86-A6FB7C6F47A6}.Ad-Hoc|iPhoneSimulator.ActiveCfg = Release|x86
		{24B8D25C-4A96-410A-BA86-A6FB7C6F47A6}.Ad-Hoc|iPhoneSimulator.Build.0 = Release|x86
		{24B8D25C-4A96-410A-BA86-A6FB7C6F47A6}.Ad-Hoc|iPhoneSimulator.Deploy.0 = Release|x86
		{24B8D25C-4A96-410A-BA86-A6FB7C6F47A6}.Ad-Hoc|x64.ActiveCfg = Release|x64
		{24B8D25C-4A96-410A-BA86-A6FB7C6F47A6}.Ad-Hoc|x64.Build.0 = Release|x64
		{24B8D25C-4A96-410A-BA86-A6FB7C6F47A6}.Ad-Hoc|x64.Deploy.0 = Release|x64
		{24B8D25C-4A96-410A-BA86-A6FB7C6F47A6}.Ad-Hoc|x86.ActiveCfg = Release|x86
		{24B8D25C-4A96-410A-BA86-A6FB7C6F47A6}.Ad-Hoc|x86.Build.0 = Release|x86
		{24B8D25C-4A96-410A-BA86-A6FB7C6F47A6}.Ad-Hoc|x86.Deploy.0 = Release|x86
		{24B8D25C-4A96-410A-BA86-A6FB7C6F47A6}.AppStore|Any CPU.ActiveCfg = Release|x86
		{24B8D25C-4A96-410A-BA86-A6FB7C6F47A6}.AppStore|Any CPU.Build.0 = Release|x86
		{24B8D25C-4A96-410A-BA86-A6FB7C6F47A6}.AppStore|Any CPU.Deploy.0 = Release|x86
		{24B8D25C-4A96-410A-BA86-A6FB7C6F47A6}.AppStore|ARM.ActiveCfg = Release|ARM
		{24B8D25C-4A96-410A-BA86-A6FB7C6F47A6}.AppStore|ARM.Build.0 = Release|ARM
		{24B8D25C-4A96-410A-BA86-A6FB7C6F47A6}.AppStore|ARM.Deploy.0 = Release|ARM
		{24B8D25C-4A96-410A-BA86-A6FB7C6F47A6}.AppStore|iPhone.ActiveCfg = Release|x86
		{24B8D25C-4A96-410A-BA86-A6FB7C6F47A6}.AppStore|iPhone.Build.0 = Release|x86
		{24B8D25C-4A96-410A-BA86-A6FB7C6F47A6}.AppStore|iPhone.Deploy.0 = Release|x86
		{24B8D25C-4A96-410A-BA86-A6FB7C6F47A6}.AppStore|iPhoneSimulator.ActiveCfg = Release|x86
		{24B8D25C-4A96-410A-BA86-A6FB7C6F47A6}.AppStore|iPhoneSimulator.Build.0 = Release|x86
		{24B8D25C-4A96-410A-BA86-A6FB7C6F47A6}.AppStore|iPhoneSimulator.Deploy.0 = Release|x86
		{24B8D25C-4A96-410A-BA86-A6FB7C6F47A6}.AppStore|x64.ActiveCfg = Release|x64
		{24B8D25C-4A96-410A-BA86-A6FB7C6F47A6}.AppStore|x64.Build.0 = Release|x64
		{24B8D25C-4A96-410A-BA86-A6FB7C6F47A6}.AppStore|x64.Deploy.0 = Release|x64
		{24B8D25C-4A96-410A-BA86-A6FB7C6F47A6}.AppStore|x86.ActiveCfg = Release|x86
		{24B8D25C-4A96-410A-BA86-A6FB7C6F47A6}.AppStore|x86.Build.0 = Release|x86
		{24B8D25C-4A96-410A-BA86-A6FB7C6F47A6}.AppStore|x86.Deploy.0 = Release|x86
		{24B8D25C-4A96-410A-BA86-A6FB7C6F47A6}.Debug|Any CPU.ActiveCfg = Debug|x86
		{24B8D25C-4A96-410A-BA86-A6FB7C6F47A6}.Debug|Any CPU.Build.0 = Debug|x86
		{24B8D25C-4A96-410A-BA86-A6FB7C6F47A6}.Debug|Any CPU.Deploy.0 = Debug|x86
		{24B8D25C-4A96-410A-BA86-A6FB7C6F47A6}.Debug|ARM.ActiveCfg = Debug|ARM
		{24B8D25C-4A96-410A-BA86-A6FB7C6F47A6}.Debug|ARM.Build.0 = Debug|ARM
		{24B8D25C-4A96-410A-BA86-A6FB7C6F47A6}.Debug|ARM.Deploy.0 = Debug|ARM
		{24B8D25C-4A96-410A-BA86-A6FB7C6F47A6}.Debug|iPhone.ActiveCfg = Debug|x86
		{24B8D25C-4A96-410A-BA86-A6FB7C6F47A6}.Debug|iPhone.Build.0 = Debug|x86
		{24B8D25C-4A96-410A-BA86-A6FB7C6F47A6}.Debug|iPhone.Deploy.0 = Debug|x86
		{24B8D25C-4A96-410A-BA86-A6FB7C6F47A6}.Debug|iPhoneSimulator.ActiveCfg = Debug|x86
		{24B8D25C-4A96-410A-BA86-A6FB7C6F47A6}.Debug|iPhoneSimulator.Build.0 = Debug|x86
		{24B8D25C-4A96-410A-BA86-A6FB7C6F47A6}.Debug|iPhoneSimulator.Deploy.0 = Debug|x86
		{24B8D25C-4A96-410A-BA86-A6FB7C6F47A6}.Debug|x64.ActiveCfg = Debug|x64
		{24B8D25C-4A96-410A-BA86-A6FB7C6F47A6}.Debug|x64.Build.0 = Debug|x64
		{24B8D25C-4A96-410A-BA86-A6FB7C6F47A6}.Debug|x64.Deploy.0 = Debug|x64
		{24B8D25C-4A96-410A-BA86-A6FB7C6F47A6}.Debug|x86.ActiveCfg = Debug|x86
		{24B8D25C-4A96-410A-BA86-A6FB7C6F47A6}.Debug|x86.Build.0 = Debug|x86
		{24B8D25C-4A96-410A-BA86-A6FB7C6F47A6}.Debug|x86.Deploy.0 = Debug|x86
		{24B8D25C-4A96-410A-BA86-A6FB7C6F47A6}.Release|Any CPU.ActiveCfg = Release|x86
		{24B8D25C-4A96-410A-BA86-A6FB7C6F47A6}.Release|Any CPU.Build.0 = Release|x86
		{24B8D25C-4A96-410A-BA86-A6FB7C6F47A6}.Release|Any CPU.Deploy.0 = Release|x86
		{24B8D25C-4A96-410A-BA86-A6FB7C6F47A6}.Release|ARM.ActiveCfg = Release|ARM
		{24B8D25C-4A96-410A-BA86-A6FB7C6F47A6}.Release|ARM.Build.0 = Release|ARM
		{24B8D25C-4A96-410A-BA86-A6FB7C6F47A6}.Release|ARM.Deploy.0 = Release|ARM
		{24B8D25C-4A96-410A-BA86-A6FB7C6F47A6}.Release|iPhone.ActiveCfg = Release|x86
		{24B8D25C-4A96-410A-BA86-A6FB7C6F47A6}.Release|iPhone.Build.0 = Release|x86
		{24B8D25C-4A96-410A-BA86-A6FB7C6F47A6}.Release|iPhone.Deploy.0 = Release|x86
		{24B8D25C-4A96-410A-BA86-A6FB7C6F47A6}.Release|iPhoneSimulator.ActiveCfg = Release|x86
		{24B8D25C-4A96-410A-BA86-A6FB7C6F47A6}.Release|iPhoneSimulator.Build.0 = Release|x86
		{24B8D25C-4A96-410A-BA86-A6FB7C6F47A6}.Release|iPhoneSimulator.Deploy.0 = Release|x86
		{24B8D25C-4A96-410A-BA86-A6FB7C6F47A6}.Release|x64.ActiveCfg = Release|x64
		{24B8D25C-4A96-410A-BA86-A6FB7C6F47A6}.Release|x64.Build.0 = Release|x64
		{24B8D25C-4A96-410A-BA86-A6FB7C6F47A6}.Release|x64.Deploy.0 = Release|x64
		{24B8D25C-4A96-410A-BA86-A6FB7C6F47A6}.Release|x86.ActiveCfg = Release|x86
		{24B8D25C-4A96-410A-BA86-A6FB7C6F47A6}.Release|x86.Build.0 = Release|x86
		{24B8D25C-4A96-410A-BA86-A6FB7C6F47A6}.Release|x86.Deploy.0 = Release|x86
		{CF09E455-863E-4A5D-B2E9-B5506F1CBE76}.Ad-Hoc|Any CPU.ActiveCfg = Debug|Any CPU
		{CF09E455-863E-4A5D-B2E9-B5506F1CBE76}.Ad-Hoc|Any CPU.Build.0 = Debug|Any CPU
		{CF09E455-863E-4A5D-B2E9-B5506F1CBE76}.Ad-Hoc|Any CPU.Deploy.0 = Debug|Any CPU
		{CF09E455-863E-4A5D-B2E9-B5506F1CBE76}.Ad-Hoc|ARM.ActiveCfg = Debug|Any CPU
		{CF09E455-863E-4A5D-B2E9-B5506F1CBE76}.Ad-Hoc|ARM.Build.0 = Debug|Any CPU
		{CF09E455-863E-4A5D-B2E9-B5506F1CBE76}.Ad-Hoc|ARM.Deploy.0 = Debug|Any CPU
		{CF09E455-863E-4A5D-B2E9-B5506F1CBE76}.Ad-Hoc|iPhone.ActiveCfg = Debug|Any CPU
		{CF09E455-863E-4A5D-B2E9-B5506F1CBE76}.Ad-Hoc|iPhone.Build.0 = Debug|Any CPU
		{CF09E455-863E-4A5D-B2E9-B5506F1CBE76}.Ad-Hoc|iPhone.Deploy.0 = Debug|Any CPU
		{CF09E455-863E-4A5D-B2E9-B5506F1CBE76}.Ad-Hoc|iPhoneSimulator.ActiveCfg = Debug|Any CPU
		{CF09E455-863E-4A5D-B2E9-B5506F1CBE76}.Ad-Hoc|iPhoneSimulator.Build.0 = Debug|Any CPU
		{CF09E455-863E-4A5D-B2E9-B5506F1CBE76}.Ad-Hoc|iPhoneSimulator.Deploy.0 = Debug|Any CPU
		{CF09E455-863E-4A5D-B2E9-B5506F1CBE76}.Ad-Hoc|x64.ActiveCfg = Debug|Any CPU
		{CF09E455-863E-4A5D-B2E9-B5506F1CBE76}.Ad-Hoc|x64.Build.0 = Debug|Any CPU
		{CF09E455-863E-4A5D-B2E9-B5506F1CBE76}.Ad-Hoc|x64.Deploy.0 = Debug|Any CPU
		{CF09E455-863E-4A5D-B2E9-B5506F1CBE76}.Ad-Hoc|x86.ActiveCfg = Debug|Any CPU
		{CF09E455-863E-4A5D-B2E9-B5506F1CBE76}.Ad-Hoc|x86.Build.0 = Debug|Any CPU
		{CF09E455-863E-4A5D-B2E9-B5506F1CBE76}.Ad-Hoc|x86.Deploy.0 = Debug|Any CPU
		{CF09E455-863E-4A5D-B2E9-B5506F1CBE76}.AppStore|Any CPU.ActiveCfg = Debug|Any CPU
		{CF09E455-863E-4A5D-B2E9-B5506F1CBE76}.AppStore|Any CPU.Build.0 = Debug|Any CPU
		{CF09E455-863E-4A5D-B2E9-B5506F1CBE76}.AppStore|Any CPU.Deploy.0 = Debug|Any CPU
		{CF09E455-863E-4A5D-B2E9-B5506F1CBE76}.AppStore|ARM.ActiveCfg = Debug|Any CPU
		{CF09E455-863E-4A5D-B2E9-B5506F1CBE76}.AppStore|ARM.Build.0 = Debug|Any CPU
		{CF09E455-863E-4A5D-B2E9-B5506F1CBE76}.AppStore|ARM.Deploy.0 = Debug|Any CPU
		{CF09E455-863E-4A5D-B2E9-B5506F1CBE76}.AppStore|iPhone.ActiveCfg = Debug|Any CPU
		{CF09E455-863E-4A5D-B2E9-B5506F1CBE76}.AppStore|iPhone.Build.0 = Debug|Any CPU
		{CF09E455-863E-4A5D-B2E9-B5506F1CBE76}.AppStore|iPhone.Deploy.0 = Debug|Any CPU
		{CF09E455-863E-4A5D-B2E9-B5506F1CBE76}.AppStore|iPhoneSimulator.ActiveCfg = Debug|Any CPU
		{CF09E455-863E-4A5D-B2E9-B5506F1CBE76}.AppStore|iPhoneSimulator.Build.0 = Debug|Any CPU
		{CF09E455-863E-4A5D-B2E9-B5506F1CBE76}.AppStore|iPhoneSimulator.Deploy.0 = Debug|Any CPU
		{CF09E455-863E-4A5D-B2E9-B5506F1CBE76}.AppStore|x64.ActiveCfg = Debug|Any CPU
		{CF09E455-863E-4A5D-B2E9-B5506F1CBE76}.AppStore|x64.Build.0 = Debug|Any CPU
		{CF09E455-863E-4A5D-B2E9-B5506F1CBE76}.AppStore|x64.Deploy.0 = Debug|Any CPU
		{CF09E455-863E-4A5D-B2E9-B5506F1CBE76}.AppStore|x86.ActiveCfg = Debug|Any CPU
		{CF09E455-863E-4A5D-B2E9-B5506F1CBE76}.AppStore|x86.Build.0 = Debug|Any CPU
		{CF09E455-863E-4A5D-B2E9-B5506F1CBE76}.AppStore|x86.Deploy.0 = Debug|Any CPU
		{CF09E455-863E-4A5D-B2E9-B5506F1CBE76}.Debug|Any CPU.ActiveCfg = Debug|Any CPU
		{CF09E455-863E-4A5D-B2E9-B5506F1CBE76}.Debug|Any CPU.Build.0 = Debug|Any CPU
		{CF09E455-863E-4A5D-B2E9-B5506F1CBE76}.Debug|Any CPU.Deploy.0 = Debug|Any CPU
		{CF09E455-863E-4A5D-B2E9-B5506F1CBE76}.Debug|ARM.ActiveCfg = Debug|Any CPU
		{CF09E455-863E-4A5D-B2E9-B5506F1CBE76}.Debug|ARM.Build.0 = Debug|Any CPU
		{CF09E455-863E-4A5D-B2E9-B5506F1CBE76}.Debug|ARM.Deploy.0 = Debug|Any CPU
		{CF09E455-863E-4A5D-B2E9-B5506F1CBE76}.Debug|iPhone.ActiveCfg = Debug|Any CPU
		{CF09E455-863E-4A5D-B2E9-B5506F1CBE76}.Debug|iPhone.Build.0 = Debug|Any CPU
		{CF09E455-863E-4A5D-B2E9-B5506F1CBE76}.Debug|iPhone.Deploy.0 = Debug|Any CPU
		{CF09E455-863E-4A5D-B2E9-B5506F1CBE76}.Debug|iPhoneSimulator.ActiveCfg = Debug|Any CPU
		{CF09E455-863E-4A5D-B2E9-B5506F1CBE76}.Debug|iPhoneSimulator.Build.0 = Debug|Any CPU
		{CF09E455-863E-4A5D-B2E9-B5506F1CBE76}.Debug|iPhoneSimulator.Deploy.0 = Debug|Any CPU
		{CF09E455-863E-4A5D-B2E9-B5506F1CBE76}.Debug|x64.ActiveCfg = Debug|Any CPU
		{CF09E455-863E-4A5D-B2E9-B5506F1CBE76}.Debug|x64.Build.0 = Debug|Any CPU
		{CF09E455-863E-4A5D-B2E9-B5506F1CBE76}.Debug|x64.Deploy.0 = Debug|Any CPU
		{CF09E455-863E-4A5D-B2E9-B5506F1CBE76}.Debug|x86.ActiveCfg = Debug|Any CPU
		{CF09E455-863E-4A5D-B2E9-B5506F1CBE76}.Debug|x86.Build.0 = Debug|Any CPU
		{CF09E455-863E-4A5D-B2E9-B5506F1CBE76}.Debug|x86.Deploy.0 = Debug|Any CPU
		{CF09E455-863E-4A5D-B2E9-B5506F1CBE76}.Release|Any CPU.ActiveCfg = Release|Any CPU
		{CF09E455-863E-4A5D-B2E9-B5506F1CBE76}.Release|Any CPU.Build.0 = Release|Any CPU
		{CF09E455-863E-4A5D-B2E9-B5506F1CBE76}.Release|Any CPU.Deploy.0 = Release|Any CPU
		{CF09E455-863E-4A5D-B2E9-B5506F1CBE76}.Release|ARM.ActiveCfg = Release|Any CPU
		{CF09E455-863E-4A5D-B2E9-B5506F1CBE76}.Release|ARM.Build.0 = Release|Any CPU
		{CF09E455-863E-4A5D-B2E9-B5506F1CBE76}.Release|ARM.Deploy.0 = Release|Any CPU
		{CF09E455-863E-4A5D-B2E9-B5506F1CBE76}.Release|iPhone.ActiveCfg = Release|Any CPU
		{CF09E455-863E-4A5D-B2E9-B5506F1CBE76}.Release|iPhone.Build.0 = Release|Any CPU
		{CF09E455-863E-4A5D-B2E9-B5506F1CBE76}.Release|iPhone.Deploy.0 = Release|Any CPU
		{CF09E455-863E-4A5D-B2E9-B5506F1CBE76}.Release|iPhoneSimulator.ActiveCfg = Release|Any CPU
		{CF09E455-863E-4A5D-B2E9-B5506F1CBE76}.Release|iPhoneSimulator.Build.0 = Release|Any CPU
		{CF09E455-863E-4A5D-B2E9-B5506F1CBE76}.Release|iPhoneSimulator.Deploy.0 = Release|Any CPU
		{CF09E455-863E-4A5D-B2E9-B5506F1CBE76}.Release|x64.ActiveCfg = Release|Any CPU
		{CF09E455-863E-4A5D-B2E9-B5506F1CBE76}.Release|x64.Build.0 = Release|Any CPU
		{CF09E455-863E-4A5D-B2E9-B5506F1CBE76}.Release|x64.Deploy.0 = Release|Any CPU
		{CF09E455-863E-4A5D-B2E9-B5506F1CBE76}.Release|x86.ActiveCfg = Release|Any CPU
		{CF09E455-863E-4A5D-B2E9-B5506F1CBE76}.Release|x86.Build.0 = Release|Any CPU
		{CF09E455-863E-4A5D-B2E9-B5506F1CBE76}.Release|x86.Deploy.0 = Release|Any CPU
	EndGlobalSection
	GlobalSection(SolutionProperties) = preSolution
		HideSolutionNode = FALSE
	EndGlobalSection
	GlobalSection(ExtensibilityGlobals) = postSolution
		SolutionGuid = {5D02BB72-E83A-4A58-8E6A-3C6C8FBB427B}
	EndGlobalSection
EndGlobal
