
Microsoft Visual Studio Solution File, Format Version 12.00
# Visual Studio 15
VisualStudioVersion = 15.0.27703.2026
MinimumVisualStudioVersion = 10.0.40219.1
Project("{FAE04EC0-301F-11D3-BF4B-00C04F79EFBC}") = "XF_ConsumindoWebAPI_SQL.Android", "XF_ConsumindoWebAPI_SQL\XF_ConsumindoWebAPI_SQL.Android\XF_ConsumindoWebAPI_SQL.Android.csproj", "{155F087D-8FD9-4EB8-8B97-1E42C9DB5187}"
EndProject
Project("{FAE04EC0-301F-11D3-BF4B-00C04F79EFBC}") = "XF_ConsumindoWebAPI_SQL.iOS", "XF_ConsumindoWebAPI_SQL\XF_ConsumindoWebAPI_SQL.iOS\XF_ConsumindoWebAPI_SQL.iOS.csproj", "{7FE4E82E-F349-46E2-9C88-5D8E9685A6C3}"
EndProject
Project("{FAE04EC0-301F-11D3-BF4B-00C04F79EFBC}") = "XF_ConsumindoWebAPI_SQL.UWP", "XF_ConsumindoWebAPI_SQL\XF_ConsumindoWebAPI_SQL.UWP\XF_ConsumindoWebAPI_SQL.UWP.csproj", "{1365AD67-2957-486D-9A9A-EBDB62051FD5}"
EndProject
Project("{FAE04EC0-301F-11D3-BF4B-00C04F79EFBC}") = "XF_ConsumindoWebAPI_SQL", "XF_ConsumindoWebAPI_SQL\XF_ConsumindoWebAPI_SQL\XF_ConsumindoWebAPI_SQL.csproj", "{1A0CDFBE-C38A-402B-AA75-34E109C16534}"
EndProject
Global
	GlobalSection(SolutionConfigurationPlatforms) = preSolution
		Ad-Hoc|Any CPU = Ad-Hoc|Any CPU
		Ad-Hoc|ARM = Ad-Hoc|ARM
		Ad-Hoc|iPhone = Ad-Hoc|iPhone
		Ad-Hoc|iPhoneSimulator = Ad-Hoc|iPhoneSimulator
		Ad-Hoc|x64 = Ad-Hoc|x64
		Ad-Hoc|x86 = Ad-Hoc|x86
		AppStore|Any CPU = AppStore|Any CPU
		AppStore|ARM = AppStore|ARM
		AppStore|iPhone = AppStore|iPhone
		AppStore|iPhoneSimulator = AppStore|iPhoneSimulator
		AppStore|x64 = AppStore|x64
		AppStore|x86 = AppStore|x86
		Debug|Any CPU = Debug|Any CPU
		Debug|ARM = Debug|ARM
		Debug|iPhone = Debug|iPhone
		Debug|iPhoneSimulator = Debug|iPhoneSimulator
		Debug|x64 = Debug|x64
		Debug|x86 = Debug|x86
		Release|Any CPU = Release|Any CPU
		Release|ARM = Release|ARM
		Release|iPhone = Release|iPhone
		Release|iPhoneSimulator = Release|iPhoneSimulator
		Release|x64 = Release|x64
		Release|x86 = Release|x86
	EndGlobalSection
	GlobalSection(ProjectConfigurationPlatforms) = postSolution
		{155F087D-8FD9-4EB8-8B97-1E42C9DB5187}.Ad-Hoc|Any CPU.ActiveCfg = Release|Any CPU
		{155F087D-8FD9-4EB8-8B97-1E42C9DB5187}.Ad-Hoc|Any CPU.Build.0 = Release|Any CPU
		{155F087D-8FD9-4EB8-8B97-1E42C9DB5187}.Ad-Hoc|Any CPU.Deploy.0 = Release|Any CPU
		{155F087D-8FD9-4EB8-8B97-1E42C9DB5187}.Ad-Hoc|ARM.ActiveCfg = Release|Any CPU
		{155F087D-8FD9-4EB8-8B97-1E42C9DB5187}.Ad-Hoc|ARM.Build.0 = Release|Any CPU
		{155F087D-8FD9-4EB8-8B97-1E42C9DB5187}.Ad-Hoc|ARM.Deploy.0 = Release|Any CPU
		{155F087D-8FD9-4EB8-8B97-1E42C9DB5187}.Ad-Hoc|iPhone.ActiveCfg = Release|Any CPU
		{155F087D-8FD9-4EB8-8B97-1E42C9DB5187}.Ad-Hoc|iPhone.Build.0 = Release|Any CPU
		{155F087D-8FD9-4EB8-8B97-1E42C9DB5187}.Ad-Hoc|iPhone.Deploy.0 = Release|Any CPU
		{155F087D-8FD9-4EB8-8B97-1E42C9DB5187}.Ad-Hoc|iPhoneSimulator.ActiveCfg = Release|Any CPU
		{155F087D-8FD9-4EB8-8B97-1E42C9DB5187}.Ad-Hoc|iPhoneSimulator.Build.0 = Release|Any CPU
		{155F087D-8FD9-4EB8-8B97-1E42C9DB5187}.Ad-Hoc|iPhoneSimulator.Deploy.0 = Release|Any CPU
		{155F087D-8FD9-4EB8-8B97-1E42C9DB5187}.Ad-Hoc|x64.ActiveCfg = Release|Any CPU
		{155F087D-8FD9-4EB8-8B97-1E42C9DB5187}.Ad-Hoc|x64.Build.0 = Release|Any CPU
		{155F087D-8FD9-4EB8-8B97-1E42C9DB5187}.Ad-Hoc|x64.Deploy.0 = Release|Any CPU
		{155F087D-8FD9-4EB8-8B97-1E42C9DB5187}.Ad-Hoc|x86.ActiveCfg = Release|Any CPU
		{155F087D-8FD9-4EB8-8B97-1E42C9DB5187}.Ad-Hoc|x86.Build.0 = Release|Any CPU
		{155F087D-8FD9-4EB8-8B97-1E42C9DB5187}.Ad-Hoc|x86.Deploy.0 = Release|Any CPU
		{155F087D-8FD9-4EB8-8B97-1E42C9DB5187}.AppStore|Any CPU.ActiveCfg = Release|Any CPU
		{155F087D-8FD9-4EB8-8B97-1E42C9DB5187}.AppStore|Any CPU.Build.0 = Release|Any CPU
		{155F087D-8FD9-4EB8-8B97-1E42C9DB5187}.AppStore|Any CPU.Deploy.0 = Release|Any CPU
		{155F087D-8FD9-4EB8-8B97-1E42C9DB5187}.AppStore|ARM.ActiveCfg = Release|Any CPU
		{155F087D-8FD9-4EB8-8B97-1E42C9DB5187}.AppStore|ARM.Build.0 = Release|Any CPU
		{155F087D-8FD9-4EB8-8B97-1E42C9DB5187}.AppStore|ARM.Deploy.0 = Release|Any CPU
		{155F087D-8FD9-4EB8-8B97-1E42C9DB5187}.AppStore|iPhone.ActiveCfg = Release|Any CPU
		{155F087D-8FD9-4EB8-8B97-1E42C9DB5187}.AppStore|iPhone.Build.0 = Release|Any CPU
		{155F087D-8FD9-4EB8-8B97-1E42C9DB5187}.AppStore|iPhone.Deploy.0 = Release|Any CPU
		{155F087D-8FD9-4EB8-8B97-1E42C9DB5187}.AppStore|iPhoneSimulator.ActiveCfg = Release|Any CPU
		{155F087D-8FD9-4EB8-8B97-1E42C9DB5187}.AppStore|iPhoneSimulator.Build.0 = Release|Any CPU
		{155F087D-8FD9-4EB8-8B97-1E42C9DB5187}.AppStore|iPhoneSimulator.Deploy.0 = Release|Any CPU
		{155F087D-8FD9-4EB8-8B97-1E42C9DB5187}.AppStore|x64.ActiveCfg = Release|Any CPU
		{155F087D-8FD9-4EB8-8B97-1E42C9DB5187}.AppStore|x64.Build.0 = Release|Any CPU
		{155F087D-8FD9-4EB8-8B97-1E42C9DB5187}.AppStore|x64.Deploy.0 = Release|Any CPU
		{155F087D-8FD9-4EB8-8B97-1E42C9DB5187}.AppStore|x86.ActiveCfg = Release|Any CPU
		{155F087D-8FD9-4EB8-8B97-1E42C9DB5187}.AppStore|x86.Build.0 = Release|Any CPU
		{155F087D-8FD9-4EB8-8B97-1E42C9DB5187}.AppStore|x86.Deploy.0 = Release|Any CPU
		{155F087D-8FD9-4EB8-8B97-1E42C9DB5187}.Debug|Any CPU.ActiveCfg = Debug|Any CPU
		{155F087D-8FD9-4EB8-8B97-1E42C9DB5187}.Debug|Any CPU.Build.0 = Debug|Any CPU
		{155F087D-8FD9-4EB8-8B97-1E42C9DB5187}.Debug|Any CPU.Deploy.0 = Debug|Any CPU
		{155F087D-8FD9-4EB8-8B97-1E42C9DB5187}.Debug|ARM.ActiveCfg = Debug|Any CPU
		{155F087D-8FD9-4EB8-8B97-1E42C9DB5187}.Debug|ARM.Build.0 = Debug|Any CPU
		{155F087D-8FD9-4EB8-8B97-1E42C9DB5187}.Debug|ARM.Deploy.0 = Debug|Any CPU
		{155F087D-8FD9-4EB8-8B97-1E42C9DB5187}.Debug|iPhone.ActiveCfg = Debug|Any CPU
		{155F087D-8FD9-4EB8-8B97-1E42C9DB5187}.Debug|iPhone.Build.0 = Debug|Any CPU
		{155F087D-8FD9-4EB8-8B97-1E42C9DB5187}.Debug|iPhone.Deploy.0 = Debug|Any CPU
		{155F087D-8FD9-4EB8-8B97-1E42C9DB5187}.Debug|iPhoneSimulator.ActiveCfg = Debug|Any CPU
		{155F087D-8FD9-4EB8-8B97-1E42C9DB5187}.Debug|iPhoneSimulator.Build.0 = Debug|Any CPU
		{155F087D-8FD9-4EB8-8B97-1E42C9DB5187}.Debug|iPhoneSimulator.Deploy.0 = Debug|Any CPU
		{155F087D-8FD9-4EB8-8B97-1E42C9DB5187}.Debug|x64.ActiveCfg = Debug|Any CPU
		{155F087D-8FD9-4EB8-8B97-1E42C9DB5187}.Debug|x64.Build.0 = Debug|Any CPU
		{155F087D-8FD9-4EB8-8B97-1E42C9DB5187}.Debug|x64.Deploy.0 = Debug|Any CPU
		{155F087D-8FD9-4EB8-8B97-1E42C9DB5187}.Debug|x86.ActiveCfg = Debug|Any CPU
		{155F087D-8FD9-4EB8-8B97-1E42C9DB5187}.Debug|x86.Build.0 = Debug|Any CPU
		{155F087D-8FD9-4EB8-8B97-1E42C9DB5187}.Debug|x86.Deploy.0 = Debug|Any CPU
		{155F087D-8FD9-4EB8-8B97-1E42C9DB5187}.Release|Any CPU.ActiveCfg = Release|Any CPU
		{155F087D-8FD9-4EB8-8B97-1E42C9DB5187}.Release|Any CPU.Build.0 = Release|Any CPU
		{155F087D-8FD9-4EB8-8B97-1E42C9DB5187}.Release|Any CPU.Deploy.0 = Release|Any CPU
		{155F087D-8FD9-4EB8-8B97-1E42C9DB5187}.Release|ARM.ActiveCfg = Release|Any CPU
		{155F087D-8FD9-4EB8-8B97-1E42C9DB5187}.Release|ARM.Build.0 = Release|Any CPU
		{155F087D-8FD9-4EB8-8B97-1E42C9DB5187}.Release|ARM.Deploy.0 = Release|Any CPU
		{155F087D-8FD9-4EB8-8B97-1E42C9DB5187}.Release|iPhone.ActiveCfg = Release|Any CPU
		{155F087D-8FD9-4EB8-8B97-1E42C9DB5187}.Release|iPhone.Build.0 = Release|Any CPU
		{155F087D-8FD9-4EB8-8B97-1E42C9DB5187}.Release|iPhone.Deploy.0 = Release|Any CPU
		{155F087D-8FD9-4EB8-8B97-1E42C9DB5187}.Release|iPhoneSimulator.ActiveCfg = Release|Any CPU
		{155F087D-8FD9-4EB8-8B97-1E42C9DB5187}.Release|iPhoneSimulator.Build.0 = Release|Any CPU
		{155F087D-8FD9-4EB8-8B97-1E42C9DB5187}.Release|iPhoneSimulator.Deploy.0 = Release|Any CPU
		{155F087D-8FD9-4EB8-8B97-1E42C9DB5187}.Release|x64.ActiveCfg = Release|Any CPU
		{155F087D-8FD9-4EB8-8B97-1E42C9DB5187}.Release|x64.Build.0 = Release|Any CPU
		{155F087D-8FD9-4EB8-8B97-1E42C9DB5187}.Release|x64.Deploy.0 = Release|Any CPU
		{155F087D-8FD9-4EB8-8B97-1E42C9DB5187}.Release|x86.ActiveCfg = Release|Any CPU
		{155F087D-8FD9-4EB8-8B97-1E42C9DB5187}.Release|x86.Build.0 = Release|Any CPU
		{155F087D-8FD9-4EB8-8B97-1E42C9DB5187}.Release|x86.Deploy.0 = Release|Any CPU
		{7FE4E82E-F349-46E2-9C88-5D8E9685A6C3}.Ad-Hoc|Any CPU.ActiveCfg = Ad-Hoc|iPhone
		{7FE4E82E-F349-46E2-9C88-5D8E9685A6C3}.Ad-Hoc|Any CPU.Build.0 = Ad-Hoc|iPhone
		{7FE4E82E-F349-46E2-9C88-5D8E9685A6C3}.Ad-Hoc|Any CPU.Deploy.0 = Ad-Hoc|iPhone
		{7FE4E82E-F349-46E2-9C88-5D8E9685A6C3}.Ad-Hoc|ARM.ActiveCfg = Ad-Hoc|iPhone
		{7FE4E82E-F349-46E2-9C88-5D8E9685A6C3}.Ad-Hoc|ARM.Build.0 = Ad-Hoc|iPhone
		{7FE4E82E-F349-46E2-9C88-5D8E9685A6C3}.Ad-Hoc|ARM.Deploy.0 = Ad-Hoc|iPhone
		{7FE4E82E-F349-46E2-9C88-5D8E9685A6C3}.Ad-Hoc|iPhone.ActiveCfg = Ad-Hoc|iPhone
		{7FE4E82E-F349-46E2-9C88-5D8E9685A6C3}.Ad-Hoc|iPhone.Build.0 = Ad-Hoc|iPhone
		{7FE4E82E-F349-46E2-9C88-5D8E9685A6C3}.Ad-Hoc|iPhone.Deploy.0 = Ad-Hoc|iPhone
		{7FE4E82E-F349-46E2-9C88-5D8E9685A6C3}.Ad-Hoc|iPhoneSimulator.ActiveCfg = Ad-Hoc|iPhoneSimulator
		{7FE4E82E-F349-46E2-9C88-5D8E9685A6C3}.Ad-Hoc|iPhoneSimulator.Build.0 = Ad-Hoc|iPhoneSimulator
		{7FE4E82E-F349-46E2-9C88-5D8E9685A6C3}.Ad-Hoc|iPhoneSimulator.Deploy.0 = Ad-Hoc|iPhoneSimulator
		{7FE4E82E-F349-46E2-9C88-5D8E9685A6C3}.Ad-Hoc|x64.ActiveCfg = Ad-Hoc|iPhone
		{7FE4E82E-F349-46E2-9C88-5D8E9685A6C3}.Ad-Hoc|x64.Build.0 = Ad-Hoc|iPhone
		{7FE4E82E-F349-46E2-9C88-5D8E9685A6C3}.Ad-Hoc|x64.Deploy.0 = Ad-Hoc|iPhone
		{7FE4E82E-F349-46E2-9C88-5D8E9685A6C3}.Ad-Hoc|x86.ActiveCfg = Ad-Hoc|iPhone
		{7FE4E82E-F349-46E2-9C88-5D8E9685A6C3}.Ad-Hoc|x86.Build.0 = Ad-Hoc|iPhone
		{7FE4E82E-F349-46E2-9C88-5D8E9685A6C3}.Ad-Hoc|x86.Deploy.0 = Ad-Hoc|iPhone
		{7FE4E82E-F349-46E2-9C88-5D8E9685A6C3}.AppStore|Any CPU.ActiveCfg = AppStore|iPhone
		{7FE4E82E-F349-46E2-9C88-5D8E9685A6C3}.AppStore|Any CPU.Build.0 = AppStore|iPhone
		{7FE4E82E-F349-46E2-9C88-5D8E9685A6C3}.AppStore|Any CPU.Deploy.0 = AppStore|iPhone
		{7FE4E82E-F349-46E2-9C88-5D8E9685A6C3}.AppStore|ARM.ActiveCfg = AppStore|iPhone
		{7FE4E82E-F349-46E2-9C88-5D8E9685A6C3}.AppStore|ARM.Build.0 = AppStore|iPhone
		{7FE4E82E-F349-46E2-9C88-5D8E9685A6C3}.AppStore|ARM.Deploy.0 = AppStore|iPhone
		{7FE4E82E-F349-46E2-9C88-5D8E9685A6C3}.AppStore|iPhone.ActiveCfg = AppStore|iPhone
		{7FE4E82E-F349-46E2-9C88-5D8E9685A6C3}.AppStore|iPhone.Build.0 = AppStore|iPhone
		{7FE4E82E-F349-46E2-9C88-5D8E9685A6C3}.AppStore|iPhone.Deploy.0 = AppStore|iPhone
		{7FE4E82E-F349-46E2-9C88-5D8E9685A6C3}.AppStore|iPhoneSimulator.ActiveCfg = AppStore|iPhoneSimulator
		{7FE4E82E-F349-46E2-9C88-5D8E9685A6C3}.AppStore|iPhoneSimulator.Build.0 = AppStore|iPhoneSimulator
		{7FE4E82E-F349-46E2-9C88-5D8E9685A6C3}.AppStore|iPhoneSimulator.Deploy.0 = AppStore|iPhoneSimulator
		{7FE4E82E-F349-46E2-9C88-5D8E9685A6C3}.AppStore|x64.ActiveCfg = AppStore|iPhone
		{7FE4E82E-F349-46E2-9C88-5D8E9685A6C3}.AppStore|x64.Build.0 = AppStore|iPhone
		{7FE4E82E-F349-46E2-9C88-5D8E9685A6C3}.AppStore|x64.Deploy.0 = AppStore|iPhone
		{7FE4E82E-F349-46E2-9C88-5D8E9685A6C3}.AppStore|x86.ActiveCfg = AppStore|iPhone
		{7FE4E82E-F349-46E2-9C88-5D8E9685A6C3}.AppStore|x86.Build.0 = AppStore|iPhone
		{7FE4E82E-F349-46E2-9C88-5D8E9685A6C3}.AppStore|x86.Deploy.0 = AppStore|iPhone
		{7FE4E82E-F349-46E2-9C88-5D8E9685A6C3}.Debug|Any CPU.ActiveCfg = Debug|iPhoneSimulator
		{7FE4E82E-F349-46E2-9C88-5D8E9685A6C3}.Debug|Any CPU.Build.0 = Debug|iPhoneSimulator
		{7FE4E82E-F349-46E2-9C88-5D8E9685A6C3}.Debug|Any CPU.Deploy.0 = Debug|iPhoneSimulator
		{7FE4E82E-F349-46E2-9C88-5D8E9685A6C3}.Debug|ARM.ActiveCfg = Debug|iPhone
		{7FE4E82E-F349-46E2-9C88-5D8E9685A6C3}.Debug|ARM.Build.0 = Debug|iPhone
		{7FE4E82E-F349-46E2-9C88-5D8E9685A6C3}.Debug|ARM.Deploy.0 = Debug|iPhone
		{7FE4E82E-F349-46E2-9C88-5D8E9685A6C3}.Debug|iPhone.ActiveCfg = Debug|iPhone
		{7FE4E82E-F349-46E2-9C88-5D8E9685A6C3}.Debug|iPhone.Build.0 = Debug|iPhone
		{7FE4E82E-F349-46E2-9C88-5D8E9685A6C3}.Debug|iPhone.Deploy.0 = Debug|iPhone
		{7FE4E82E-F349-46E2-9C88-5D8E9685A6C3}.Debug|iPhoneSimulator.ActiveCfg = Debug|iPhoneSimulator
		{7FE4E82E-F349-46E2-9C88-5D8E9685A6C3}.Debug|iPhoneSimulator.Build.0 = Debug|iPhoneSimulator
		{7FE4E82E-F349-46E2-9C88-5D8E9685A6C3}.Debug|iPhoneSimulator.Deploy.0 = Debug|iPhoneSimulator
		{7FE4E82E-F349-46E2-9C88-5D8E9685A6C3}.Debug|x64.ActiveCfg = Debug|iPhone
		{7FE4E82E-F349-46E2-9C88-5D8E9685A6C3}.Debug|x64.Build.0 = Debug|iPhone
		{7FE4E82E-F349-46E2-9C88-5D8E9685A6C3}.Debug|x64.Deploy.0 = Debug|iPhone
		{7FE4E82E-F349-46E2-9C88-5D8E9685A6C3}.Debug|x86.ActiveCfg = Debug|iPhone
		{7FE4E82E-F349-46E2-9C88-5D8E9685A6C3}.Debug|x86.Build.0 = Debug|iPhone
		{7FE4E82E-F349-46E2-9C88-5D8E9685A6C3}.Debug|x86.Deploy.0 = Debug|iPhone
		{7FE4E82E-F349-46E2-9C88-5D8E9685A6C3}.Release|Any CPU.ActiveCfg = Release|iPhone
		{7FE4E82E-F349-46E2-9C88-5D8E9685A6C3}.Release|Any CPU.Build.0 = Release|iPhone
		{7FE4E82E-F349-46E2-9C88-5D8E9685A6C3}.Release|Any CPU.Deploy.0 = Release|iPhone
		{7FE4E82E-F349-46E2-9C88-5D8E9685A6C3}.Release|ARM.ActiveCfg = Release|iPhone
		{7FE4E82E-F349-46E2-9C88-5D8E9685A6C3}.Release|ARM.Build.0 = Release|iPhone
		{7FE4E82E-F349-46E2-9C88-5D8E9685A6C3}.Release|ARM.Deploy.0 = Release|iPhone
		{7FE4E82E-F349-46E2-9C88-5D8E9685A6C3}.Release|iPhone.ActiveCfg = Release|iPhone
		{7FE4E82E-F349-46E2-9C88-5D8E9685A6C3}.Release|iPhone.Build.0 = Release|iPhone
		{7FE4E82E-F349-46E2-9C88-5D8E9685A6C3}.Release|iPhone.Deploy.0 = Release|iPhone
		{7FE4E82E-F349-46E2-9C88-5D8E9685A6C3}.Release|iPhoneSimulator.ActiveCfg = Release|iPhoneSimulator
		{7FE4E82E-F349-46E2-9C88-5D8E9685A6C3}.Release|iPhoneSimulator.Build.0 = Release|iPhoneSimulator
		{7FE4E82E-F349-46E2-9C88-5D8E9685A6C3}.Release|iPhoneSimulator.Deploy.0 = Release|iPhoneSimulator
		{7FE4E82E-F349-46E2-9C88-5D8E9685A6C3}.Release|x64.ActiveCfg = Release|iPhone
		{7FE4E82E-F349-46E2-9C88-5D8E9685A6C3}.Release|x64.Build.0 = Release|iPhone
		{7FE4E82E-F349-46E2-9C88-5D8E9685A6C3}.Release|x64.Deploy.0 = Release|iPhone
		{7FE4E82E-F349-46E2-9C88-5D8E9685A6C3}.Release|x86.ActiveCfg = Release|iPhone
		{7FE4E82E-F349-46E2-9C88-5D8E9685A6C3}.Release|x86.Build.0 = Release|iPhone
		{7FE4E82E-F349-46E2-9C88-5D8E9685A6C3}.Release|x86.Deploy.0 = Release|iPhone
		{1365AD67-2957-486D-9A9A-EBDB62051FD5}.Ad-Hoc|Any CPU.ActiveCfg = Release|x86
		{1365AD67-2957-486D-9A9A-EBDB62051FD5}.Ad-Hoc|Any CPU.Build.0 = Release|x86
		{1365AD67-2957-486D-9A9A-EBDB62051FD5}.Ad-Hoc|Any CPU.Deploy.0 = Release|x86
		{1365AD67-2957-486D-9A9A-EBDB62051FD5}.Ad-Hoc|ARM.ActiveCfg = Release|ARM
		{1365AD67-2957-486D-9A9A-EBDB62051FD5}.Ad-Hoc|ARM.Build.0 = Release|ARM
		{1365AD67-2957-486D-9A9A-EBDB62051FD5}.Ad-Hoc|ARM.Deploy.0 = Release|ARM
		{1365AD67-2957-486D-9A9A-EBDB62051FD5}.Ad-Hoc|iPhone.ActiveCfg = Release|x86
		{1365AD67-2957-486D-9A9A-EBDB62051FD5}.Ad-Hoc|iPhone.Build.0 = Release|x86
		{1365AD67-2957-486D-9A9A-EBDB62051FD5}.Ad-Hoc|iPhone.Deploy.0 = Release|x86
		{1365AD67-2957-486D-9A9A-EBDB62051FD5}.Ad-Hoc|iPhoneSimulator.ActiveCfg = Release|x86
		{1365AD67-2957-486D-9A9A-EBDB62051FD5}.Ad-Hoc|iPhoneSimulator.Build.0 = Release|x86
		{1365AD67-2957-486D-9A9A-EBDB62051FD5}.Ad-Hoc|iPhoneSimulator.Deploy.0 = Release|x86
		{1365AD67-2957-486D-9A9A-EBDB62051FD5}.Ad-Hoc|x64.ActiveCfg = Release|x64
		{1365AD67-2957-486D-9A9A-EBDB62051FD5}.Ad-Hoc|x64.Build.0 = Release|x64
		{1365AD67-2957-486D-9A9A-EBDB62051FD5}.Ad-Hoc|x64.Deploy.0 = Release|x64
		{1365AD67-2957-486D-9A9A-EBDB62051FD5}.Ad-Hoc|x86.ActiveCfg = Release|x86
		{1365AD67-2957-486D-9A9A-EBDB62051FD5}.Ad-Hoc|x86.Build.0 = Release|x86
		{1365AD67-2957-486D-9A9A-EBDB62051FD5}.Ad-Hoc|x86.Deploy.0 = Release|x86
		{1365AD67-2957-486D-9A9A-EBDB62051FD5}.AppStore|Any CPU.ActiveCfg = Release|x86
		{1365AD67-2957-486D-9A9A-EBDB62051FD5}.AppStore|Any CPU.Build.0 = Release|x86
		{1365AD67-2957-486D-9A9A-EBDB62051FD5}.AppStore|Any CPU.Deploy.0 = Release|x86
		{1365AD67-2957-486D-9A9A-EBDB62051FD5}.AppStore|ARM.ActiveCfg = Release|ARM
		{1365AD67-2957-486D-9A9A-EBDB62051FD5}.AppStore|ARM.Build.0 = Release|ARM
		{1365AD67-2957-486D-9A9A-EBDB62051FD5}.AppStore|ARM.Deploy.0 = Release|ARM
		{1365AD67-2957-486D-9A9A-EBDB62051FD5}.AppStore|iPhone.ActiveCfg = Release|x86
		{1365AD67-2957-486D-9A9A-EBDB62051FD5}.AppStore|iPhone.Build.0 = Release|x86
		{1365AD67-2957-486D-9A9A-EBDB62051FD5}.AppStore|iPhone.Deploy.0 = Release|x86
		{1365AD67-2957-486D-9A9A-EBDB62051FD5}.AppStore|iPhoneSimulator.ActiveCfg = Release|x86
		{1365AD67-2957-486D-9A9A-EBDB62051FD5}.AppStore|iPhoneSimulator.Build.0 = Release|x86
		{1365AD67-2957-486D-9A9A-EBDB62051FD5}.AppStore|iPhoneSimulator.Deploy.0 = Release|x86
		{1365AD67-2957-486D-9A9A-EBDB62051FD5}.AppStore|x64.ActiveCfg = Release|x64
		{1365AD67-2957-486D-9A9A-EBDB62051FD5}.AppStore|x64.Build.0 = Release|x64
		{1365AD67-2957-486D-9A9A-EBDB62051FD5}.AppStore|x64.Deploy.0 = Release|x64
		{1365AD67-2957-486D-9A9A-EBDB62051FD5}.AppStore|x86.ActiveCfg = Release|x86
		{1365AD67-2957-486D-9A9A-EBDB62051FD5}.AppStore|x86.Build.0 = Release|x86
		{1365AD67-2957-486D-9A9A-EBDB62051FD5}.AppStore|x86.Deploy.0 = Release|x86
		{1365AD67-2957-486D-9A9A-EBDB62051FD5}.Debug|Any CPU.ActiveCfg = Debug|x86
		{1365AD67-2957-486D-9A9A-EBDB62051FD5}.Debug|Any CPU.Build.0 = Debug|x86
		{1365AD67-2957-486D-9A9A-EBDB62051FD5}.Debug|Any CPU.Deploy.0 = Debug|x86
		{1365AD67-2957-486D-9A9A-EBDB62051FD5}.Debug|ARM.ActiveCfg = Debug|ARM
		{1365AD67-2957-486D-9A9A-EBDB62051FD5}.Debug|ARM.Build.0 = Debug|ARM
		{1365AD67-2957-486D-9A9A-EBDB62051FD5}.Debug|ARM.Deploy.0 = Debug|ARM
		{1365AD67-2957-486D-9A9A-EBDB62051FD5}.Debug|iPhone.ActiveCfg = Debug|x86
		{1365AD67-2957-486D-9A9A-EBDB62051FD5}.Debug|iPhone.Build.0 = Debug|x86
		{1365AD67-2957-486D-9A9A-EBDB62051FD5}.Debug|iPhone.Deploy.0 = Debug|x86
		{1365AD67-2957-486D-9A9A-EBDB62051FD5}.Debug|iPhoneSimulator.ActiveCfg = Debug|x86
		{1365AD67-2957-486D-9A9A-EBDB62051FD5}.Debug|iPhoneSimulator.Build.0 = Debug|x86
		{1365AD67-2957-486D-9A9A-EBDB62051FD5}.Debug|iPhoneSimulator.Deploy.0 = Debug|x86
		{1365AD67-2957-486D-9A9A-EBDB62051FD5}.Debug|x64.ActiveCfg = Debug|x64
		{1365AD67-2957-486D-9A9A-EBDB62051FD5}.Debug|x64.Build.0 = Debug|x64
		{1365AD67-2957-486D-9A9A-EBDB62051FD5}.Debug|x64.Deploy.0 = Debug|x64
		{1365AD67-2957-486D-9A9A-EBDB62051FD5}.Debug|x86.ActiveCfg = Debug|x86
		{1365AD67-2957-486D-9A9A-EBDB62051FD5}.Debug|x86.Build.0 = Debug|x86
		{1365AD67-2957-486D-9A9A-EBDB62051FD5}.Debug|x86.Deploy.0 = Debug|x86
		{1365AD67-2957-486D-9A9A-EBDB62051FD5}.Release|Any CPU.ActiveCfg = Release|x86
		{1365AD67-2957-486D-9A9A-EBDB62051FD5}.Release|Any CPU.Build.0 = Release|x86
		{1365AD67-2957-486D-9A9A-EBDB62051FD5}.Release|Any CPU.Deploy.0 = Release|x86
		{1365AD67-2957-486D-9A9A-EBDB62051FD5}.Release|ARM.ActiveCfg = Release|ARM
		{1365AD67-2957-486D-9A9A-EBDB62051FD5}.Release|ARM.Build.0 = Release|ARM
		{1365AD67-2957-486D-9A9A-EBDB62051FD5}.Release|ARM.Deploy.0 = Release|ARM
		{1365AD67-2957-486D-9A9A-EBDB62051FD5}.Release|iPhone.ActiveCfg = Release|x86
		{1365AD67-2957-486D-9A9A-EBDB62051FD5}.Release|iPhone.Build.0 = Release|x86
		{1365AD67-2957-486D-9A9A-EBDB62051FD5}.Release|iPhone.Deploy.0 = Release|x86
		{1365AD67-2957-486D-9A9A-EBDB62051FD5}.Release|iPhoneSimulator.ActiveCfg = Release|x86
		{1365AD67-2957-486D-9A9A-EBDB62051FD5}.Release|iPhoneSimulator.Build.0 = Release|x86
		{1365AD67-2957-486D-9A9A-EBDB62051FD5}.Release|iPhoneSimulator.Deploy.0 = Release|x86
		{1365AD67-2957-486D-9A9A-EBDB62051FD5}.Release|x64.ActiveCfg = Release|x64
		{1365AD67-2957-486D-9A9A-EBDB62051FD5}.Release|x64.Build.0 = Release|x64
		{1365AD67-2957-486D-9A9A-EBDB62051FD5}.Release|x64.Deploy.0 = Release|x64
		{1365AD67-2957-486D-9A9A-EBDB62051FD5}.Release|x86.ActiveCfg = Release|x86
		{1365AD67-2957-486D-9A9A-EBDB62051FD5}.Release|x86.Build.0 = Release|x86
		{1365AD67-2957-486D-9A9A-EBDB62051FD5}.Release|x86.Deploy.0 = Release|x86
		{1A0CDFBE-C38A-402B-AA75-34E109C16534}.Ad-Hoc|Any CPU.ActiveCfg = Debug|Any CPU
		{1A0CDFBE-C38A-402B-AA75-34E109C16534}.Ad-Hoc|Any CPU.Build.0 = Debug|Any CPU
		{1A0CDFBE-C38A-402B-AA75-34E109C16534}.Ad-Hoc|Any CPU.Deploy.0 = Debug|Any CPU
		{1A0CDFBE-C38A-402B-AA75-34E109C16534}.Ad-Hoc|ARM.ActiveCfg = Debug|Any CPU
		{1A0CDFBE-C38A-402B-AA75-34E109C16534}.Ad-Hoc|ARM.Build.0 = Debug|Any CPU
		{1A0CDFBE-C38A-402B-AA75-34E109C16534}.Ad-Hoc|ARM.Deploy.0 = Debug|Any CPU
		{1A0CDFBE-C38A-402B-AA75-34E109C16534}.Ad-Hoc|iPhone.ActiveCfg = Debug|Any CPU
		{1A0CDFBE-C38A-402B-AA75-34E109C16534}.Ad-Hoc|iPhone.Build.0 = Debug|Any CPU
		{1A0CDFBE-C38A-402B-AA75-34E109C16534}.Ad-Hoc|iPhone.Deploy.0 = Debug|Any CPU
		{1A0CDFBE-C38A-402B-AA75-34E109C16534}.Ad-Hoc|iPhoneSimulator.ActiveCfg = Debug|Any CPU
		{1A0CDFBE-C38A-402B-AA75-34E109C16534}.Ad-Hoc|iPhoneSimulator.Build.0 = Debug|Any CPU
		{1A0CDFBE-C38A-402B-AA75-34E109C16534}.Ad-Hoc|iPhoneSimulator.Deploy.0 = Debug|Any CPU
		{1A0CDFBE-C38A-402B-AA75-34E109C16534}.Ad-Hoc|x64.ActiveCfg = Debug|Any CPU
		{1A0CDFBE-C38A-402B-AA75-34E109C16534}.Ad-Hoc|x64.Build.0 = Debug|Any CPU
		{1A0CDFBE-C38A-402B-AA75-34E109C16534}.Ad-Hoc|x64.Deploy.0 = Debug|Any CPU
		{1A0CDFBE-C38A-402B-AA75-34E109C16534}.Ad-Hoc|x86.ActiveCfg = Debug|Any CPU
		{1A0CDFBE-C38A-402B-AA75-34E109C16534}.Ad-Hoc|x86.Build.0 = Debug|Any CPU
		{1A0CDFBE-C38A-402B-AA75-34E109C16534}.Ad-Hoc|x86.Deploy.0 = Debug|Any CPU
		{1A0CDFBE-C38A-402B-AA75-34E109C16534}.AppStore|Any CPU.ActiveCfg = Debug|Any CPU
		{1A0CDFBE-C38A-402B-AA75-34E109C16534}.AppStore|Any CPU.Build.0 = Debug|Any CPU
		{1A0CDFBE-C38A-402B-AA75-34E109C16534}.AppStore|Any CPU.Deploy.0 = Debug|Any CPU
		{1A0CDFBE-C38A-402B-AA75-34E109C16534}.AppStore|ARM.ActiveCfg = Debug|Any CPU
		{1A0CDFBE-C38A-402B-AA75-34E109C16534}.AppStore|ARM.Build.0 = Debug|Any CPU
		{1A0CDFBE-C38A-402B-AA75-34E109C16534}.AppStore|ARM.Deploy.0 = Debug|Any CPU
		{1A0CDFBE-C38A-402B-AA75-34E109C16534}.AppStore|iPhone.ActiveCfg = Debug|Any CPU
		{1A0CDFBE-C38A-402B-AA75-34E109C16534}.AppStore|iPhone.Build.0 = Debug|Any CPU
		{1A0CDFBE-C38A-402B-AA75-34E109C16534}.AppStore|iPhone.Deploy.0 = Debug|Any CPU
		{1A0CDFBE-C38A-402B-AA75-34E109C16534}.AppStore|iPhoneSimulator.ActiveCfg = Debug|Any CPU
		{1A0CDFBE-C38A-402B-AA75-34E109C16534}.AppStore|iPhoneSimulator.Build.0 = Debug|Any CPU
		{1A0CDFBE-C38A-402B-AA75-34E109C16534}.AppStore|iPhoneSimulator.Deploy.0 = Debug|Any CPU
		{1A0CDFBE-C38A-402B-AA75-34E109C16534}.AppStore|x64.ActiveCfg = Debug|Any CPU
		{1A0CDFBE-C38A-402B-AA75-34E109C16534}.AppStore|x64.Build.0 = Debug|Any CPU
		{1A0CDFBE-C38A-402B-AA75-34E109C16534}.AppStore|x64.Deploy.0 = Debug|Any CPU
		{1A0CDFBE-C38A-402B-AA75-34E109C16534}.AppStore|x86.ActiveCfg = Debug|Any CPU
		{1A0CDFBE-C38A-402B-AA75-34E109C16534}.AppStore|x86.Build.0 = Debug|Any CPU
		{1A0CDFBE-C38A-402B-AA75-34E109C16534}.AppStore|x86.Deploy.0 = Debug|Any CPU
		{1A0CDFBE-C38A-402B-AA75-34E109C16534}.Debug|Any CPU.ActiveCfg = Debug|Any CPU
		{1A0CDFBE-C38A-402B-AA75-34E109C16534}.Debug|Any CPU.Build.0 = Debug|Any CPU
		{1A0CDFBE-C38A-402B-AA75-34E109C16534}.Debug|Any CPU.Deploy.0 = Debug|Any CPU
		{1A0CDFBE-C38A-402B-AA75-34E109C16534}.Debug|ARM.ActiveCfg = Debug|Any CPU
		{1A0CDFBE-C38A-402B-AA75-34E109C16534}.Debug|ARM.Build.0 = Debug|Any CPU
		{1A0CDFBE-C38A-402B-AA75-34E109C16534}.Debug|ARM.Deploy.0 = Debug|Any CPU
		{1A0CDFBE-C38A-402B-AA75-34E109C16534}.Debug|iPhone.ActiveCfg = Debug|Any CPU
		{1A0CDFBE-C38A-402B-AA75-34E109C16534}.Debug|iPhone.Build.0 = Debug|Any CPU
		{1A0CDFBE-C38A-402B-AA75-34E109C16534}.Debug|iPhone.Deploy.0 = Debug|Any CPU
		{1A0CDFBE-C38A-402B-AA75-34E109C16534}.Debug|iPhoneSimulator.ActiveCfg = Debug|Any CPU
		{1A0CDFBE-C38A-402B-AA75-34E109C16534}.Debug|iPhoneSimulator.Build.0 = Debug|Any CPU
		{1A0CDFBE-C38A-402B-AA75-34E109C16534}.Debug|iPhoneSimulator.Deploy.0 = Debug|Any CPU
		{1A0CDFBE-C38A-402B-AA75-34E109C16534}.Debug|x64.ActiveCfg = Debug|Any CPU
		{1A0CDFBE-C38A-402B-AA75-34E109C16534}.Debug|x64.Build.0 = Debug|Any CPU
		{1A0CDFBE-C38A-402B-AA75-34E109C16534}.Debug|x64.Deploy.0 = Debug|Any CPU
		{1A0CDFBE-C38A-402B-AA75-34E109C16534}.Debug|x86.ActiveCfg = Debug|Any CPU
		{1A0CDFBE-C38A-402B-AA75-34E109C16534}.Debug|x86.Build.0 = Debug|Any CPU
		{1A0CDFBE-C38A-402B-AA75-34E109C16534}.Debug|x86.Deploy.0 = Debug|Any CPU
		{1A0CDFBE-C38A-402B-AA75-34E109C16534}.Release|Any CPU.ActiveCfg = Release|Any CPU
		{1A0CDFBE-C38A-402B-AA75-34E109C16534}.Release|Any CPU.Build.0 = Release|Any CPU
		{1A0CDFBE-C38A-402B-AA75-34E109C16534}.Release|Any CPU.Deploy.0 = Release|Any CPU
		{1A0CDFBE-C38A-402B-AA75-34E109C16534}.Release|ARM.ActiveCfg = Release|Any CPU
		{1A0CDFBE-C38A-402B-AA75-34E109C16534}.Release|ARM.Build.0 = Release|Any CPU
		{1A0CDFBE-C38A-402B-AA75-34E109C16534}.Release|ARM.Deploy.0 = Release|Any CPU
		{1A0CDFBE-C38A-402B-AA75-34E109C16534}.Release|iPhone.ActiveCfg = Release|Any CPU
		{1A0CDFBE-C38A-402B-AA75-34E109C16534}.Release|iPhone.Build.0 = Release|Any CPU
		{1A0CDFBE-C38A-402B-AA75-34E109C16534}.Release|iPhone.Deploy.0 = Release|Any CPU
		{1A0CDFBE-C38A-402B-AA75-34E109C16534}.Release|iPhoneSimulator.ActiveCfg = Release|Any CPU
		{1A0CDFBE-C38A-402B-AA75-34E109C16534}.Release|iPhoneSimulator.Build.0 = Release|Any CPU
		{1A0CDFBE-C38A-402B-AA75-34E109C16534}.Release|iPhoneSimulator.Deploy.0 = Release|Any CPU
		{1A0CDFBE-C38A-402B-AA75-34E109C16534}.Release|x64.ActiveCfg = Release|Any CPU
		{1A0CDFBE-C38A-402B-AA75-34E109C16534}.Release|x64.Build.0 = Release|Any CPU
		{1A0CDFBE-C38A-402B-AA75-34E109C16534}.Release|x64.Deploy.0 = Release|Any CPU
		{1A0CDFBE-C38A-402B-AA75-34E109C16534}.Release|x86.ActiveCfg = Release|Any CPU
		{1A0CDFBE-C38A-402B-AA75-34E109C16534}.Release|x86.Build.0 = Release|Any CPU
		{1A0CDFBE-C38A-402B-AA75-34E109C16534}.Release|x86.Deploy.0 = Release|Any CPU
	EndGlobalSection
	GlobalSection(SolutionProperties) = preSolution
		HideSolutionNode = FALSE
	EndGlobalSection
	GlobalSection(ExtensibilityGlobals) = postSolution
		SolutionGuid = {8FD691B4-3633-42E7-9DED-581E282273E6}
	EndGlobalSection
EndGlobal
