
Microsoft Visual Studio Solution File, Format Version 12.00
# Visual Studio 15
VisualStudioVersion = 15.0.27703.2026
MinimumVisualStudioVersion = 10.0.40219.1
Project("{FAE04EC0-301F-11D3-BF4B-00C04F79EFBC}") = "XF_ConsumindoWebAPI.Android", "XF_ConsumindoWebAPI\XF_ConsumindoWebAPI.Android\XF_ConsumindoWebAPI.Android.csproj", "{7A3945E0-94AA-4AD5-A294-3F0B7B392A9F}"
EndProject
Project("{FAE04EC0-301F-11D3-BF4B-00C04F79EFBC}") = "XF_ConsumindoWebAPI.iOS", "XF_ConsumindoWebAPI\XF_ConsumindoWebAPI.iOS\XF_ConsumindoWebAPI.iOS.csproj", "{31D49816-CEB6-48D7-933C-119F2EAC8A33}"
EndProject
Project("{FAE04EC0-301F-11D3-BF4B-00C04F79EFBC}") = "XF_ConsumindoWebAPI.UWP", "XF_ConsumindoWebAPI\XF_ConsumindoWebAPI.UWP\XF_ConsumindoWebAPI.UWP.csproj", "{C96D5A4F-24AB-4C59-88A4-BFAE87D91AAB}"
EndProject
Project("{FAE04EC0-301F-11D3-BF4B-00C04F79EFBC}") = "XF_ConsumindoWebAPI", "XF_ConsumindoWebAPI\XF_ConsumindoWebAPI\XF_ConsumindoWebAPI.csproj", "{F0E9C70E-9BE4-4089-BDD0-4C4813C8F410}"
EndProject
Global
	GlobalSection(SolutionConfigurationPlatforms) = preSolution
		Ad-Hoc|Any CPU = Ad-Hoc|Any CPU
		Ad-Hoc|ARM = Ad-Hoc|ARM
		Ad-Hoc|iPhone = Ad-Hoc|iPhone
		Ad-Hoc|iPhoneSimulator = Ad-Hoc|iPhoneSimulator
		Ad-Hoc|x64 = Ad-Hoc|x64
		Ad-Hoc|x86 = Ad-Hoc|x86
		AppStore|Any CPU = AppStore|Any CPU
		AppStore|ARM = AppStore|ARM
		AppStore|iPhone = AppStore|iPhone
		AppStore|iPhoneSimulator = AppStore|iPhoneSimulator
		AppStore|x64 = AppStore|x64
		AppStore|x86 = AppStore|x86
		Debug|Any CPU = Debug|Any CPU
		Debug|ARM = Debug|ARM
		Debug|iPhone = Debug|iPhone
		Debug|iPhoneSimulator = Debug|iPhoneSimulator
		Debug|x64 = Debug|x64
		Debug|x86 = Debug|x86
		Release|Any CPU = Release|Any CPU
		Release|ARM = Release|ARM
		Release|iPhone = Release|iPhone
		Release|iPhoneSimulator = Release|iPhoneSimulator
		Release|x64 = Release|x64
		Release|x86 = Release|x86
	EndGlobalSection
	GlobalSection(ProjectConfigurationPlatforms) = postSolution
		{7A3945E0-94AA-4AD5-A294-3F0B7B392A9F}.Ad-Hoc|Any CPU.ActiveCfg = Release|Any CPU
		{7A3945E0-94AA-4AD5-A294-3F0B7B392A9F}.Ad-Hoc|Any CPU.Build.0 = Release|Any CPU
		{7A3945E0-94AA-4AD5-A294-3F0B7B392A9F}.Ad-Hoc|Any CPU.Deploy.0 = Release|Any CPU
		{7A3945E0-94AA-4AD5-A294-3F0B7B392A9F}.Ad-Hoc|ARM.ActiveCfg = Release|Any CPU
		{7A3945E0-94AA-4AD5-A294-3F0B7B392A9F}.Ad-Hoc|ARM.Build.0 = Release|Any CPU
		{7A3945E0-94AA-4AD5-A294-3F0B7B392A9F}.Ad-Hoc|ARM.Deploy.0 = Release|Any CPU
		{7A3945E0-94AA-4AD5-A294-3F0B7B392A9F}.Ad-Hoc|iPhone.ActiveCfg = Release|Any CPU
		{7A3945E0-94AA-4AD5-A294-3F0B7B392A9F}.Ad-Hoc|iPhone.Build.0 = Release|Any CPU
		{7A3945E0-94AA-4AD5-A294-3F0B7B392A9F}.Ad-Hoc|iPhone.Deploy.0 = Release|Any CPU
		{7A3945E0-94AA-4AD5-A294-3F0B7B392A9F}.Ad-Hoc|iPhoneSimulator.ActiveCfg = Release|Any CPU
		{7A3945E0-94AA-4AD5-A294-3F0B7B392A9F}.Ad-Hoc|iPhoneSimulator.Build.0 = Release|Any CPU
		{7A3945E0-94AA-4AD5-A294-3F0B7B392A9F}.Ad-Hoc|iPhoneSimulator.Deploy.0 = Release|Any CPU
		{7A3945E0-94AA-4AD5-A294-3F0B7B392A9F}.Ad-Hoc|x64.ActiveCfg = Release|Any CPU
		{7A3945E0-94AA-4AD5-A294-3F0B7B392A9F}.Ad-Hoc|x64.Build.0 = Release|Any CPU
		{7A3945E0-94AA-4AD5-A294-3F0B7B392A9F}.Ad-Hoc|x64.Deploy.0 = Release|Any CPU
		{7A3945E0-94AA-4AD5-A294-3F0B7B392A9F}.Ad-Hoc|x86.ActiveCfg = Release|Any CPU
		{7A3945E0-94AA-4AD5-A294-3F0B7B392A9F}.Ad-Hoc|x86.Build.0 = Release|Any CPU
		{7A3945E0-94AA-4AD5-A294-3F0B7B392A9F}.Ad-Hoc|x86.Deploy.0 = Release|Any CPU
		{7A3945E0-94AA-4AD5-A294-3F0B7B392A9F}.AppStore|Any CPU.ActiveCfg = Release|Any CPU
		{7A3945E0-94AA-4AD5-A294-3F0B7B392A9F}.AppStore|Any CPU.Build.0 = Release|Any CPU
		{7A3945E0-94AA-4AD5-A294-3F0B7B392A9F}.AppStore|Any CPU.Deploy.0 = Release|Any CPU
		{7A3945E0-94AA-4AD5-A294-3F0B7B392A9F}.AppStore|ARM.ActiveCfg = Release|Any CPU
		{7A3945E0-94AA-4AD5-A294-3F0B7B392A9F}.AppStore|ARM.Build.0 = Release|Any CPU
		{7A3945E0-94AA-4AD5-A294-3F0B7B392A9F}.AppStore|ARM.Deploy.0 = Release|Any CPU
		{7A3945E0-94AA-4AD5-A294-3F0B7B392A9F}.AppStore|iPhone.ActiveCfg = Release|Any CPU
		{7A3945E0-94AA-4AD5-A294-3F0B7B392A9F}.AppStore|iPhone.Build.0 = Release|Any CPU
		{7A3945E0-94AA-4AD5-A294-3F0B7B392A9F}.AppStore|iPhone.Deploy.0 = Release|Any CPU
		{7A3945E0-94AA-4AD5-A294-3F0B7B392A9F}.AppStore|iPhoneSimulator.ActiveCfg = Release|Any CPU
		{7A3945E0-94AA-4AD5-A294-3F0B7B392A9F}.AppStore|iPhoneSimulator.Build.0 = Release|Any CPU
		{7A3945E0-94AA-4AD5-A294-3F0B7B392A9F}.AppStore|iPhoneSimulator.Deploy.0 = Release|Any CPU
		{7A3945E0-94AA-4AD5-A294-3F0B7B392A9F}.AppStore|x64.ActiveCfg = Release|Any CPU
		{7A3945E0-94AA-4AD5-A294-3F0B7B392A9F}.AppStore|x64.Build.0 = Release|Any CPU
		{7A3945E0-94AA-4AD5-A294-3F0B7B392A9F}.AppStore|x64.Deploy.0 = Release|Any CPU
		{7A3945E0-94AA-4AD5-A294-3F0B7B392A9F}.AppStore|x86.ActiveCfg = Release|Any CPU
		{7A3945E0-94AA-4AD5-A294-3F0B7B392A9F}.AppStore|x86.Build.0 = Release|Any CPU
		{7A3945E0-94AA-4AD5-A294-3F0B7B392A9F}.AppStore|x86.Deploy.0 = Release|Any CPU
		{7A3945E0-94AA-4AD5-A294-3F0B7B392A9F}.Debug|Any CPU.ActiveCfg = Debug|Any CPU
		{7A3945E0-94AA-4AD5-A294-3F0B7B392A9F}.Debug|Any CPU.Build.0 = Debug|Any CPU
		{7A3945E0-94AA-4AD5-A294-3F0B7B392A9F}.Debug|Any CPU.Deploy.0 = Debug|Any CPU
		{7A3945E0-94AA-4AD5-A294-3F0B7B392A9F}.Debug|ARM.ActiveCfg = Debug|Any CPU
		{7A3945E0-94AA-4AD5-A294-3F0B7B392A9F}.Debug|ARM.Build.0 = Debug|Any CPU
		{7A3945E0-94AA-4AD5-A294-3F0B7B392A9F}.Debug|ARM.Deploy.0 = Debug|Any CPU
		{7A3945E0-94AA-4AD5-A294-3F0B7B392A9F}.Debug|iPhone.ActiveCfg = Debug|Any CPU
		{7A3945E0-94AA-4AD5-A294-3F0B7B392A9F}.Debug|iPhone.Build.0 = Debug|Any CPU
		{7A3945E0-94AA-4AD5-A294-3F0B7B392A9F}.Debug|iPhone.Deploy.0 = Debug|Any CPU
		{7A3945E0-94AA-4AD5-A294-3F0B7B392A9F}.Debug|iPhoneSimulator.ActiveCfg = Debug|Any CPU
		{7A3945E0-94AA-4AD5-A294-3F0B7B392A9F}.Debug|iPhoneSimulator.Build.0 = Debug|Any CPU
		{7A3945E0-94AA-4AD5-A294-3F0B7B392A9F}.Debug|iPhoneSimulator.Deploy.0 = Debug|Any CPU
		{7A3945E0-94AA-4AD5-A294-3F0B7B392A9F}.Debug|x64.ActiveCfg = Debug|Any CPU
		{7A3945E0-94AA-4AD5-A294-3F0B7B392A9F}.Debug|x64.Build.0 = Debug|Any CPU
		{7A3945E0-94AA-4AD5-A294-3F0B7B392A9F}.Debug|x64.Deploy.0 = Debug|Any CPU
		{7A3945E0-94AA-4AD5-A294-3F0B7B392A9F}.Debug|x86.ActiveCfg = Debug|Any CPU
		{7A3945E0-94AA-4AD5-A294-3F0B7B392A9F}.Debug|x86.Build.0 = Debug|Any CPU
		{7A3945E0-94AA-4AD5-A294-3F0B7B392A9F}.Debug|x86.Deploy.0 = Debug|Any CPU
		{7A3945E0-94AA-4AD5-A294-3F0B7B392A9F}.Release|Any CPU.ActiveCfg = Release|Any CPU
		{7A3945E0-94AA-4AD5-A294-3F0B7B392A9F}.Release|Any CPU.Build.0 = Release|Any CPU
		{7A3945E0-94AA-4AD5-A294-3F0B7B392A9F}.Release|Any CPU.Deploy.0 = Release|Any CPU
		{7A3945E0-94AA-4AD5-A294-3F0B7B392A9F}.Release|ARM.ActiveCfg = Release|Any CPU
		{7A3945E0-94AA-4AD5-A294-3F0B7B392A9F}.Release|ARM.Build.0 = Release|Any CPU
		{7A3945E0-94AA-4AD5-A294-3F0B7B392A9F}.Release|ARM.Deploy.0 = Release|Any CPU
		{7A3945E0-94AA-4AD5-A294-3F0B7B392A9F}.Release|iPhone.ActiveCfg = Release|Any CPU
		{7A3945E0-94AA-4AD5-A294-3F0B7B392A9F}.Release|iPhone.Build.0 = Release|Any CPU
		{7A3945E0-94AA-4AD5-A294-3F0B7B392A9F}.Release|iPhone.Deploy.0 = Release|Any CPU
		{7A3945E0-94AA-4AD5-A294-3F0B7B392A9F}.Release|iPhoneSimulator.ActiveCfg = Release|Any CPU
		{7A3945E0-94AA-4AD5-A294-3F0B7B392A9F}.Release|iPhoneSimulator.Build.0 = Release|Any CPU
		{7A3945E0-94AA-4AD5-A294-3F0B7B392A9F}.Release|iPhoneSimulator.Deploy.0 = Release|Any CPU
		{7A3945E0-94AA-4AD5-A294-3F0B7B392A9F}.Release|x64.ActiveCfg = Release|Any CPU
		{7A3945E0-94AA-4AD5-A294-3F0B7B392A9F}.Release|x64.Build.0 = Release|Any CPU
		{7A3945E0-94AA-4AD5-A294-3F0B7B392A9F}.Release|x64.Deploy.0 = Release|Any CPU
		{7A3945E0-94AA-4AD5-A294-3F0B7B392A9F}.Release|x86.ActiveCfg = Release|Any CPU
		{7A3945E0-94AA-4AD5-A294-3F0B7B392A9F}.Release|x86.Build.0 = Release|Any CPU
		{7A3945E0-94AA-4AD5-A294-3F0B7B392A9F}.Release|x86.Deploy.0 = Release|Any CPU
		{31D49816-CEB6-48D7-933C-119F2EAC8A33}.Ad-Hoc|Any CPU.ActiveCfg = Ad-Hoc|iPhone
		{31D49816-CEB6-48D7-933C-119F2EAC8A33}.Ad-Hoc|Any CPU.Build.0 = Ad-Hoc|iPhone
		{31D49816-CEB6-48D7-933C-119F2EAC8A33}.Ad-Hoc|Any CPU.Deploy.0 = Ad-Hoc|iPhone
		{31D49816-CEB6-48D7-933C-119F2EAC8A33}.Ad-Hoc|ARM.ActiveCfg = Ad-Hoc|iPhone
		{31D49816-CEB6-48D7-933C-119F2EAC8A33}.Ad-Hoc|ARM.Build.0 = Ad-Hoc|iPhone
		{31D49816-CEB6-48D7-933C-119F2EAC8A33}.Ad-Hoc|ARM.Deploy.0 = Ad-Hoc|iPhone
		{31D49816-CEB6-48D7-933C-119F2EAC8A33}.Ad-Hoc|iPhone.ActiveCfg = Ad-Hoc|iPhone
		{31D49816-CEB6-48D7-933C-119F2EAC8A33}.Ad-Hoc|iPhone.Build.0 = Ad-Hoc|iPhone
		{31D49816-CEB6-48D7-933C-119F2EAC8A33}.Ad-Hoc|iPhone.Deploy.0 = Ad-Hoc|iPhone
		{31D49816-CEB6-48D7-933C-119F2EAC8A33}.Ad-Hoc|iPhoneSimulator.ActiveCfg = Ad-Hoc|iPhoneSimulator
		{31D49816-CEB6-48D7-933C-119F2EAC8A33}.Ad-Hoc|iPhoneSimulator.Build.0 = Ad-Hoc|iPhoneSimulator
		{31D49816-CEB6-48D7-933C-119F2EAC8A33}.Ad-Hoc|iPhoneSimulator.Deploy.0 = Ad-Hoc|iPhoneSimulator
		{31D49816-CEB6-48D7-933C-119F2EAC8A33}.Ad-Hoc|x64.ActiveCfg = Ad-Hoc|iPhone
		{31D49816-CEB6-48D7-933C-119F2EAC8A33}.Ad-Hoc|x64.Build.0 = Ad-Hoc|iPhone
		{31D49816-CEB6-48D7-933C-119F2EAC8A33}.Ad-Hoc|x64.Deploy.0 = Ad-Hoc|iPhone
		{31D49816-CEB6-48D7-933C-119F2EAC8A33}.Ad-Hoc|x86.ActiveCfg = Ad-Hoc|iPhone
		{31D49816-CEB6-48D7-933C-119F2EAC8A33}.Ad-Hoc|x86.Build.0 = Ad-Hoc|iPhone
		{31D49816-CEB6-48D7-933C-119F2EAC8A33}.Ad-Hoc|x86.Deploy.0 = Ad-Hoc|iPhone
		{31D49816-CEB6-48D7-933C-119F2EAC8A33}.AppStore|Any CPU.ActiveCfg = AppStore|iPhone
		{31D49816-CEB6-48D7-933C-119F2EAC8A33}.AppStore|Any CPU.Build.0 = AppStore|iPhone
		{31D49816-CEB6-48D7-933C-119F2EAC8A33}.AppStore|Any CPU.Deploy.0 = AppStore|iPhone
		{31D49816-CEB6-48D7-933C-119F2EAC8A33}.AppStore|ARM.ActiveCfg = AppStore|iPhone
		{31D49816-CEB6-48D7-933C-119F2EAC8A33}.AppStore|ARM.Build.0 = AppStore|iPhone
		{31D49816-CEB6-48D7-933C-119F2EAC8A33}.AppStore|ARM.Deploy.0 = AppStore|iPhone
		{31D49816-CEB6-48D7-933C-119F2EAC8A33}.AppStore|iPhone.ActiveCfg = AppStore|iPhone
		{31D49816-CEB6-48D7-933C-119F2EAC8A33}.AppStore|iPhone.Build.0 = AppStore|iPhone
		{31D49816-CEB6-48D7-933C-119F2EAC8A33}.AppStore|iPhone.Deploy.0 = AppStore|iPhone
		{31D49816-CEB6-48D7-933C-119F2EAC8A33}.AppStore|iPhoneSimulator.ActiveCfg = AppStore|iPhoneSimulator
		{31D49816-CEB6-48D7-933C-119F2EAC8A33}.AppStore|iPhoneSimulator.Build.0 = AppStore|iPhoneSimulator
		{31D49816-CEB6-48D7-933C-119F2EAC8A33}.AppStore|iPhoneSimulator.Deploy.0 = AppStore|iPhoneSimulator
		{31D49816-CEB6-48D7-933C-119F2EAC8A33}.AppStore|x64.ActiveCfg = AppStore|iPhone
		{31D49816-CEB6-48D7-933C-119F2EAC8A33}.AppStore|x64.Build.0 = AppStore|iPhone
		{31D49816-CEB6-48D7-933C-119F2EAC8A33}.AppStore|x64.Deploy.0 = AppStore|iPhone
		{31D49816-CEB6-48D7-933C-119F2EAC8A33}.AppStore|x86.ActiveCfg = AppStore|iPhone
		{31D49816-CEB6-48D7-933C-119F2EAC8A33}.AppStore|x86.Build.0 = AppStore|iPhone
		{31D49816-CEB6-48D7-933C-119F2EAC8A33}.AppStore|x86.Deploy.0 = AppStore|iPhone
		{31D49816-CEB6-48D7-933C-119F2EAC8A33}.Debug|Any CPU.ActiveCfg = Debug|iPhoneSimulator
		{31D49816-CEB6-48D7-933C-119F2EAC8A33}.Debug|Any CPU.Build.0 = Debug|iPhoneSimulator
		{31D49816-CEB6-48D7-933C-119F2EAC8A33}.Debug|Any CPU.Deploy.0 = Debug|iPhoneSimulator
		{31D49816-CEB6-48D7-933C-119F2EAC8A33}.Debug|ARM.ActiveCfg = Debug|iPhone
		{31D49816-CEB6-48D7-933C-119F2EAC8A33}.Debug|ARM.Build.0 = Debug|iPhone
		{31D49816-CEB6-48D7-933C-119F2EAC8A33}.Debug|ARM.Deploy.0 = Debug|iPhone
		{31D49816-CEB6-48D7-933C-119F2EAC8A33}.Debug|iPhone.ActiveCfg = Debug|iPhone
		{31D49816-CEB6-48D7-933C-119F2EAC8A33}.Debug|iPhone.Build.0 = Debug|iPhone
		{31D49816-CEB6-48D7-933C-119F2EAC8A33}.Debug|iPhone.Deploy.0 = Debug|iPhone
		{31D49816-CEB6-48D7-933C-119F2EAC8A33}.Debug|iPhoneSimulator.ActiveCfg = Debug|iPhoneSimulator
		{31D49816-CEB6-48D7-933C-119F2EAC8A33}.Debug|iPhoneSimulator.Build.0 = Debug|iPhoneSimulator
		{31D49816-CEB6-48D7-933C-119F2EAC8A33}.Debug|iPhoneSimulator.Deploy.0 = Debug|iPhoneSimulator
		{31D49816-CEB6-48D7-933C-119F2EAC8A33}.Debug|x64.ActiveCfg = Debug|iPhone
		{31D49816-CEB6-48D7-933C-119F2EAC8A33}.Debug|x64.Build.0 = Debug|iPhone
		{31D49816-CEB6-48D7-933C-119F2EAC8A33}.Debug|x64.Deploy.0 = Debug|iPhone
		{31D49816-CEB6-48D7-933C-119F2EAC8A33}.Debug|x86.ActiveCfg = Debug|iPhone
		{31D49816-CEB6-48D7-933C-119F2EAC8A33}.Debug|x86.Build.0 = Debug|iPhone
		{31D49816-CEB6-48D7-933C-119F2EAC8A33}.Debug|x86.Deploy.0 = Debug|iPhone
		{31D49816-CEB6-48D7-933C-119F2EAC8A33}.Release|Any CPU.ActiveCfg = Release|iPhone
		{31D49816-CEB6-48D7-933C-119F2EAC8A33}.Release|Any CPU.Build.0 = Release|iPhone
		{31D49816-CEB6-48D7-933C-119F2EAC8A33}.Release|Any CPU.Deploy.0 = Release|iPhone
		{31D49816-CEB6-48D7-933C-119F2EAC8A33}.Release|ARM.ActiveCfg = Release|iPhone
		{31D49816-CEB6-48D7-933C-119F2EAC8A33}.Release|ARM.Build.0 = Release|iPhone
		{31D49816-CEB6-48D7-933C-119F2EAC8A33}.Release|ARM.Deploy.0 = Release|iPhone
		{31D49816-CEB6-48D7-933C-119F2EAC8A33}.Release|iPhone.ActiveCfg = Release|iPhone
		{31D49816-CEB6-48D7-933C-119F2EAC8A33}.Release|iPhone.Build.0 = Release|iPhone
		{31D49816-CEB6-48D7-933C-119F2EAC8A33}.Release|iPhone.Deploy.0 = Release|iPhone
		{31D49816-CEB6-48D7-933C-119F2EAC8A33}.Release|iPhoneSimulator.ActiveCfg = Release|iPhoneSimulator
		{31D49816-CEB6-48D7-933C-119F2EAC8A33}.Release|iPhoneSimulator.Build.0 = Release|iPhoneSimulator
		{31D49816-CEB6-48D7-933C-119F2EAC8A33}.Release|iPhoneSimulator.Deploy.0 = Release|iPhoneSimulator
		{31D49816-CEB6-48D7-933C-119F2EAC8A33}.Release|x64.ActiveCfg = Release|iPhone
		{31D49816-CEB6-48D7-933C-119F2EAC8A33}.Release|x64.Build.0 = Release|iPhone
		{31D49816-CEB6-48D7-933C-119F2EAC8A33}.Release|x64.Deploy.0 = Release|iPhone
		{31D49816-CEB6-48D7-933C-119F2EAC8A33}.Release|x86.ActiveCfg = Release|iPhone
		{31D49816-CEB6-48D7-933C-119F2EAC8A33}.Release|x86.Build.0 = Release|iPhone
		{31D49816-CEB6-48D7-933C-119F2EAC8A33}.Release|x86.Deploy.0 = Release|iPhone
		{C96D5A4F-24AB-4C59-88A4-BFAE87D91AAB}.Ad-Hoc|Any CPU.ActiveCfg = Release|x86
		{C96D5A4F-24AB-4C59-88A4-BFAE87D91AAB}.Ad-Hoc|Any CPU.Build.0 = Release|x86
		{C96D5A4F-24AB-4C59-88A4-BFAE87D91AAB}.Ad-Hoc|Any CPU.Deploy.0 = Release|x86
		{C96D5A4F-24AB-4C59-88A4-BFAE87D91AAB}.Ad-Hoc|ARM.ActiveCfg = Release|ARM
		{C96D5A4F-24AB-4C59-88A4-BFAE87D91AAB}.Ad-Hoc|ARM.Build.0 = Release|ARM
		{C96D5A4F-24AB-4C59-88A4-BFAE87D91AAB}.Ad-Hoc|ARM.Deploy.0 = Release|ARM
		{C96D5A4F-24AB-4C59-88A4-BFAE87D91AAB}.Ad-Hoc|iPhone.ActiveCfg = Release|x86
		{C96D5A4F-24AB-4C59-88A4-BFAE87D91AAB}.Ad-Hoc|iPhone.Build.0 = Release|x86
		{C96D5A4F-24AB-4C59-88A4-BFAE87D91AAB}.Ad-Hoc|iPhone.Deploy.0 = Release|x86
		{C96D5A4F-24AB-4C59-88A4-BFAE87D91AAB}.Ad-Hoc|iPhoneSimulator.ActiveCfg = Release|x86
		{C96D5A4F-24AB-4C59-88A4-BFAE87D91AAB}.Ad-Hoc|iPhoneSimulator.Build.0 = Release|x86
		{C96D5A4F-24AB-4C59-88A4-BFAE87D91AAB}.Ad-Hoc|iPhoneSimulator.Deploy.0 = Release|x86
		{C96D5A4F-24AB-4C59-88A4-BFAE87D91AAB}.Ad-Hoc|x64.ActiveCfg = Release|x64
		{C96D5A4F-24AB-4C59-88A4-BFAE87D91AAB}.Ad-Hoc|x64.Build.0 = Release|x64
		{C96D5A4F-24AB-4C59-88A4-BFAE87D91AAB}.Ad-Hoc|x64.Deploy.0 = Release|x64
		{C96D5A4F-24AB-4C59-88A4-BFAE87D91AAB}.Ad-Hoc|x86.ActiveCfg = Release|x86
		{C96D5A4F-24AB-4C59-88A4-BFAE87D91AAB}.Ad-Hoc|x86.Build.0 = Release|x86
		{C96D5A4F-24AB-4C59-88A4-BFAE87D91AAB}.Ad-Hoc|x86.Deploy.0 = Release|x86
		{C96D5A4F-24AB-4C59-88A4-BFAE87D91AAB}.AppStore|Any CPU.ActiveCfg = Release|x86
		{C96D5A4F-24AB-4C59-88A4-BFAE87D91AAB}.AppStore|Any CPU.Build.0 = Release|x86
		{C96D5A4F-24AB-4C59-88A4-BFAE87D91AAB}.AppStore|Any CPU.Deploy.0 = Release|x86
		{C96D5A4F-24AB-4C59-88A4-BFAE87D91AAB}.AppStore|ARM.ActiveCfg = Release|ARM
		{C96D5A4F-24AB-4C59-88A4-BFAE87D91AAB}.AppStore|ARM.Build.0 = Release|ARM
		{C96D5A4F-24AB-4C59-88A4-BFAE87D91AAB}.AppStore|ARM.Deploy.0 = Release|ARM
		{C96D5A4F-24AB-4C59-88A4-BFAE87D91AAB}.AppStore|iPhone.ActiveCfg = Release|x86
		{C96D5A4F-24AB-4C59-88A4-BFAE87D91AAB}.AppStore|iPhone.Build.0 = Release|x86
		{C96D5A4F-24AB-4C59-88A4-BFAE87D91AAB}.AppStore|iPhone.Deploy.0 = Release|x86
		{C96D5A4F-24AB-4C59-88A4-BFAE87D91AAB}.AppStore|iPhoneSimulator.ActiveCfg = Release|x86
		{C96D5A4F-24AB-4C59-88A4-BFAE87D91AAB}.AppStore|iPhoneSimulator.Build.0 = Release|x86
		{C96D5A4F-24AB-4C59-88A4-BFAE87D91AAB}.AppStore|iPhoneSimulator.Deploy.0 = Release|x86
		{C96D5A4F-24AB-4C59-88A4-BFAE87D91AAB}.AppStore|x64.ActiveCfg = Release|x64
		{C96D5A4F-24AB-4C59-88A4-BFAE87D91AAB}.AppStore|x64.Build.0 = Release|x64
		{C96D5A4F-24AB-4C59-88A4-BFAE87D91AAB}.AppStore|x64.Deploy.0 = Release|x64
		{C96D5A4F-24AB-4C59-88A4-BFAE87D91AAB}.AppStore|x86.ActiveCfg = Release|x86
		{C96D5A4F-24AB-4C59-88A4-BFAE87D91AAB}.AppStore|x86.Build.0 = Release|x86
		{C96D5A4F-24AB-4C59-88A4-BFAE87D91AAB}.AppStore|x86.Deploy.0 = Release|x86
		{C96D5A4F-24AB-4C59-88A4-BFAE87D91AAB}.Debug|Any CPU.ActiveCfg = Debug|x86
		{C96D5A4F-24AB-4C59-88A4-BFAE87D91AAB}.Debug|Any CPU.Build.0 = Debug|x86
		{C96D5A4F-24AB-4C59-88A4-BFAE87D91AAB}.Debug|Any CPU.Deploy.0 = Debug|x86
		{C96D5A4F-24AB-4C59-88A4-BFAE87D91AAB}.Debug|ARM.ActiveCfg = Debug|ARM
		{C96D5A4F-24AB-4C59-88A4-BFAE87D91AAB}.Debug|ARM.Build.0 = Debug|ARM
		{C96D5A4F-24AB-4C59-88A4-BFAE87D91AAB}.Debug|ARM.Deploy.0 = Debug|ARM
		{C96D5A4F-24AB-4C59-88A4-BFAE87D91AAB}.Debug|iPhone.ActiveCfg = Debug|x86
		{C96D5A4F-24AB-4C59-88A4-BFAE87D91AAB}.Debug|iPhone.Build.0 = Debug|x86
		{C96D5A4F-24AB-4C59-88A4-BFAE87D91AAB}.Debug|iPhone.Deploy.0 = Debug|x86
		{C96D5A4F-24AB-4C59-88A4-BFAE87D91AAB}.Debug|iPhoneSimulator.ActiveCfg = Debug|x86
		{C96D5A4F-24AB-4C59-88A4-BFAE87D91AAB}.Debug|iPhoneSimulator.Build.0 = Debug|x86
		{C96D5A4F-24AB-4C59-88A4-BFAE87D91AAB}.Debug|iPhoneSimulator.Deploy.0 = Debug|x86
		{C96D5A4F-24AB-4C59-88A4-BFAE87D91AAB}.Debug|x64.ActiveCfg = Debug|x64
		{C96D5A4F-24AB-4C59-88A4-BFAE87D91AAB}.Debug|x64.Build.0 = Debug|x64
		{C96D5A4F-24AB-4C59-88A4-BFAE87D91AAB}.Debug|x64.Deploy.0 = Debug|x64
		{C96D5A4F-24AB-4C59-88A4-BFAE87D91AAB}.Debug|x86.ActiveCfg = Debug|x86
		{C96D5A4F-24AB-4C59-88A4-BFAE87D91AAB}.Debug|x86.Build.0 = Debug|x86
		{C96D5A4F-24AB-4C59-88A4-BFAE87D91AAB}.Debug|x86.Deploy.0 = Debug|x86
		{C96D5A4F-24AB-4C59-88A4-BFAE87D91AAB}.Release|Any CPU.ActiveCfg = Release|x86
		{C96D5A4F-24AB-4C59-88A4-BFAE87D91AAB}.Release|Any CPU.Build.0 = Release|x86
		{C96D5A4F-24AB-4C59-88A4-BFAE87D91AAB}.Release|Any CPU.Deploy.0 = Release|x86
		{C96D5A4F-24AB-4C59-88A4-BFAE87D91AAB}.Release|ARM.ActiveCfg = Release|ARM
		{C96D5A4F-24AB-4C59-88A4-BFAE87D91AAB}.Release|ARM.Build.0 = Release|ARM
		{C96D5A4F-24AB-4C59-88A4-BFAE87D91AAB}.Release|ARM.Deploy.0 = Release|ARM
		{C96D5A4F-24AB-4C59-88A4-BFAE87D91AAB}.Release|iPhone.ActiveCfg = Release|x86
		{C96D5A4F-24AB-4C59-88A4-BFAE87D91AAB}.Release|iPhone.Build.0 = Release|x86
		{C96D5A4F-24AB-4C59-88A4-BFAE87D91AAB}.Release|iPhone.Deploy.0 = Release|x86
		{C96D5A4F-24AB-4C59-88A4-BFAE87D91AAB}.Release|iPhoneSimulator.ActiveCfg = Release|x86
		{C96D5A4F-24AB-4C59-88A4-BFAE87D91AAB}.Release|iPhoneSimulator.Build.0 = Release|x86
		{C96D5A4F-24AB-4C59-88A4-BFAE87D91AAB}.Release|iPhoneSimulator.Deploy.0 = Release|x86
		{C96D5A4F-24AB-4C59-88A4-BFAE87D91AAB}.Release|x64.ActiveCfg = Release|x64
		{C96D5A4F-24AB-4C59-88A4-BFAE87D91AAB}.Release|x64.Build.0 = Release|x64
		{C96D5A4F-24AB-4C59-88A4-BFAE87D91AAB}.Release|x64.Deploy.0 = Release|x64
		{C96D5A4F-24AB-4C59-88A4-BFAE87D91AAB}.Release|x86.ActiveCfg = Release|x86
		{C96D5A4F-24AB-4C59-88A4-BFAE87D91AAB}.Release|x86.Build.0 = Release|x86
		{C96D5A4F-24AB-4C59-88A4-BFAE87D91AAB}.Release|x86.Deploy.0 = Release|x86
		{F0E9C70E-9BE4-4089-BDD0-4C4813C8F410}.Ad-Hoc|Any CPU.ActiveCfg = Debug|Any CPU
		{F0E9C70E-9BE4-4089-BDD0-4C4813C8F410}.Ad-Hoc|Any CPU.Build.0 = Debug|Any CPU
		{F0E9C70E-9BE4-4089-BDD0-4C4813C8F410}.Ad-Hoc|Any CPU.Deploy.0 = Debug|Any CPU
		{F0E9C70E-9BE4-4089-BDD0-4C4813C8F410}.Ad-Hoc|ARM.ActiveCfg = Debug|Any CPU
		{F0E9C70E-9BE4-4089-BDD0-4C4813C8F410}.Ad-Hoc|ARM.Build.0 = Debug|Any CPU
		{F0E9C70E-9BE4-4089-BDD0-4C4813C8F410}.Ad-Hoc|ARM.Deploy.0 = Debug|Any CPU
		{F0E9C70E-9BE4-4089-BDD0-4C4813C8F410}.Ad-Hoc|iPhone.ActiveCfg = Debug|Any CPU
		{F0E9C70E-9BE4-4089-BDD0-4C4813C8F410}.Ad-Hoc|iPhone.Build.0 = Debug|Any CPU
		{F0E9C70E-9BE4-4089-BDD0-4C4813C8F410}.Ad-Hoc|iPhone.Deploy.0 = Debug|Any CPU
		{F0E9C70E-9BE4-4089-BDD0-4C4813C8F410}.Ad-Hoc|iPhoneSimulator.ActiveCfg = Debug|Any CPU
		{F0E9C70E-9BE4-4089-BDD0-4C4813C8F410}.Ad-Hoc|iPhoneSimulator.Build.0 = Debug|Any CPU
		{F0E9C70E-9BE4-4089-BDD0-4C4813C8F410}.Ad-Hoc|iPhoneSimulator.Deploy.0 = Debug|Any CPU
		{F0E9C70E-9BE4-4089-BDD0-4C4813C8F410}.Ad-Hoc|x64.ActiveCfg = Debug|Any CPU
		{F0E9C70E-9BE4-4089-BDD0-4C4813C8F410}.Ad-Hoc|x64.Build.0 = Debug|Any CPU
		{F0E9C70E-9BE4-4089-BDD0-4C4813C8F410}.Ad-Hoc|x64.Deploy.0 = Debug|Any CPU
		{F0E9C70E-9BE4-4089-BDD0-4C4813C8F410}.Ad-Hoc|x86.ActiveCfg = Debug|Any CPU
		{F0E9C70E-9BE4-4089-BDD0-4C4813C8F410}.Ad-Hoc|x86.Build.0 = Debug|Any CPU
		{F0E9C70E-9BE4-4089-BDD0-4C4813C8F410}.Ad-Hoc|x86.Deploy.0 = Debug|Any CPU
		{F0E9C70E-9BE4-4089-BDD0-4C4813C8F410}.AppStore|Any CPU.ActiveCfg = Debug|Any CPU
		{F0E9C70E-9BE4-4089-BDD0-4C4813C8F410}.AppStore|Any CPU.Build.0 = Debug|Any CPU
		{F0E9C70E-9BE4-4089-BDD0-4C4813C8F410}.AppStore|Any CPU.Deploy.0 = Debug|Any CPU
		{F0E9C70E-9BE4-4089-BDD0-4C4813C8F410}.AppStore|ARM.ActiveCfg = Debug|Any CPU
		{F0E9C70E-9BE4-4089-BDD0-4C4813C8F410}.AppStore|ARM.Build.0 = Debug|Any CPU
		{F0E9C70E-9BE4-4089-BDD0-4C4813C8F410}.AppStore|ARM.Deploy.0 = Debug|Any CPU
		{F0E9C70E-9BE4-4089-BDD0-4C4813C8F410}.AppStore|iPhone.ActiveCfg = Debug|Any CPU
		{F0E9C70E-9BE4-4089-BDD0-4C4813C8F410}.AppStore|iPhone.Build.0 = Debug|Any CPU
		{F0E9C70E-9BE4-4089-BDD0-4C4813C8F410}.AppStore|iPhone.Deploy.0 = Debug|Any CPU
		{F0E9C70E-9BE4-4089-BDD0-4C4813C8F410}.AppStore|iPhoneSimulator.ActiveCfg = Debug|Any CPU
		{F0E9C70E-9BE4-4089-BDD0-4C4813C8F410}.AppStore|iPhoneSimulator.Build.0 = Debug|Any CPU
		{F0E9C70E-9BE4-4089-BDD0-4C4813C8F410}.AppStore|iPhoneSimulator.Deploy.0 = Debug|Any CPU
		{F0E9C70E-9BE4-4089-BDD0-4C4813C8F410}.AppStore|x64.ActiveCfg = Debug|Any CPU
		{F0E9C70E-9BE4-4089-BDD0-4C4813C8F410}.AppStore|x64.Build.0 = Debug|Any CPU
		{F0E9C70E-9BE4-4089-BDD0-4C4813C8F410}.AppStore|x64.Deploy.0 = Debug|Any CPU
		{F0E9C70E-9BE4-4089-BDD0-4C4813C8F410}.AppStore|x86.ActiveCfg = Debug|Any CPU
		{F0E9C70E-9BE4-4089-BDD0-4C4813C8F410}.AppStore|x86.Build.0 = Debug|Any CPU
		{F0E9C70E-9BE4-4089-BDD0-4C4813C8F410}.AppStore|x86.Deploy.0 = Debug|Any CPU
		{F0E9C70E-9BE4-4089-BDD0-4C4813C8F410}.Debug|Any CPU.ActiveCfg = Debug|Any CPU
		{F0E9C70E-9BE4-4089-BDD0-4C4813C8F410}.Debug|Any CPU.Build.0 = Debug|Any CPU
		{F0E9C70E-9BE4-4089-BDD0-4C4813C8F410}.Debug|Any CPU.Deploy.0 = Debug|Any CPU
		{F0E9C70E-9BE4-4089-BDD0-4C4813C8F410}.Debug|ARM.ActiveCfg = Debug|Any CPU
		{F0E9C70E-9BE4-4089-BDD0-4C4813C8F410}.Debug|ARM.Build.0 = Debug|Any CPU
		{F0E9C70E-9BE4-4089-BDD0-4C4813C8F410}.Debug|ARM.Deploy.0 = Debug|Any CPU
		{F0E9C70E-9BE4-4089-BDD0-4C4813C8F410}.Debug|iPhone.ActiveCfg = Debug|Any CPU
		{F0E9C70E-9BE4-4089-BDD0-4C4813C8F410}.Debug|iPhone.Build.0 = Debug|Any CPU
		{F0E9C70E-9BE4-4089-BDD0-4C4813C8F410}.Debug|iPhone.Deploy.0 = Debug|Any CPU
		{F0E9C70E-9BE4-4089-BDD0-4C4813C8F410}.Debug|iPhoneSimulator.ActiveCfg = Debug|Any CPU
		{F0E9C70E-9BE4-4089-BDD0-4C4813C8F410}.Debug|iPhoneSimulator.Build.0 = Debug|Any CPU
		{F0E9C70E-9BE4-4089-BDD0-4C4813C8F410}.Debug|iPhoneSimulator.Deploy.0 = Debug|Any CPU
		{F0E9C70E-9BE4-4089-BDD0-4C4813C8F410}.Debug|x64.ActiveCfg = Debug|Any CPU
		{F0E9C70E-9BE4-4089-BDD0-4C4813C8F410}.Debug|x64.Build.0 = Debug|Any CPU
		{F0E9C70E-9BE4-4089-BDD0-4C4813C8F410}.Debug|x64.Deploy.0 = Debug|Any CPU
		{F0E9C70E-9BE4-4089-BDD0-4C4813C8F410}.Debug|x86.ActiveCfg = Debug|Any CPU
		{F0E9C70E-9BE4-4089-BDD0-4C4813C8F410}.Debug|x86.Build.0 = Debug|Any CPU
		{F0E9C70E-9BE4-4089-BDD0-4C4813C8F410}.Debug|x86.Deploy.0 = Debug|Any CPU
		{F0E9C70E-9BE4-4089-BDD0-4C4813C8F410}.Release|Any CPU.ActiveCfg = Release|Any CPU
		{F0E9C70E-9BE4-4089-BDD0-4C4813C8F410}.Release|Any CPU.Build.0 = Release|Any CPU
		{F0E9C70E-9BE4-4089-BDD0-4C4813C8F410}.Release|Any CPU.Deploy.0 = Release|Any CPU
		{F0E9C70E-9BE4-4089-BDD0-4C4813C8F410}.Release|ARM.ActiveCfg = Release|Any CPU
		{F0E9C70E-9BE4-4089-BDD0-4C4813C8F410}.Release|ARM.Build.0 = Release|Any CPU
		{F0E9C70E-9BE4-4089-BDD0-4C4813C8F410}.Release|ARM.Deploy.0 = Release|Any CPU
		{F0E9C70E-9BE4-4089-BDD0-4C4813C8F410}.Release|iPhone.ActiveCfg = Release|Any CPU
		{F0E9C70E-9BE4-4089-BDD0-4C4813C8F410}.Release|iPhone.Build.0 = Release|Any CPU
		{F0E9C70E-9BE4-4089-BDD0-4C4813C8F410}.Release|iPhone.Deploy.0 = Release|Any CPU
		{F0E9C70E-9BE4-4089-BDD0-4C4813C8F410}.Release|iPhoneSimulator.ActiveCfg = Release|Any CPU
		{F0E9C70E-9BE4-4089-BDD0-4C4813C8F410}.Release|iPhoneSimulator.Build.0 = Release|Any CPU
		{F0E9C70E-9BE4-4089-BDD0-4C4813C8F410}.Release|iPhoneSimulator.Deploy.0 = Release|Any CPU
		{F0E9C70E-9BE4-4089-BDD0-4C4813C8F410}.Release|x64.ActiveCfg = Release|Any CPU
		{F0E9C70E-9BE4-4089-BDD0-4C4813C8F410}.Release|x64.Build.0 = Release|Any CPU
		{F0E9C70E-9BE4-4089-BDD0-4C4813C8F410}.Release|x64.Deploy.0 = Release|Any CPU
		{F0E9C70E-9BE4-4089-BDD0-4C4813C8F410}.Release|x86.ActiveCfg = Release|Any CPU
		{F0E9C70E-9BE4-4089-BDD0-4C4813C8F410}.Release|x86.Build.0 = Release|Any CPU
		{F0E9C70E-9BE4-4089-BDD0-4C4813C8F410}.Release|x86.Deploy.0 = Release|Any CPU
	EndGlobalSection
	GlobalSection(SolutionProperties) = preSolution
		HideSolutionNode = FALSE
	EndGlobalSection
	GlobalSection(ExtensibilityGlobals) = postSolution
		SolutionGuid = {93035FD4-EDFB-47B5-99A8-C54DF015D55B}
	EndGlobalSection
EndGlobal
