
Microsoft Visual Studio Solution File, Format Version 12.00
# Visual Studio 15
VisualStudioVersion = 15.0.27703.2026
MinimumVisualStudioVersion = 10.0.40219.1
Project("{FAE04EC0-301F-11D3-BF4B-00C04F79EFBC}") = "App02_TipoPaginaXF.Android", "App02_TipoPaginaXF\App02_TipoPaginaXF.Android\App02_TipoPaginaXF.Android.csproj", "{C276CC88-D7DD-4C09-BD16-F97B1DAE6419}"
EndProject
Project("{FAE04EC0-301F-11D3-BF4B-00C04F79EFBC}") = "App02_TipoPaginaXF.iOS", "App02_TipoPaginaXF\App02_TipoPaginaXF.iOS\App02_TipoPaginaXF.iOS.csproj", "{D35BEE45-F31D-40C6-8471-739A0DBAA146}"
EndProject
Project("{FAE04EC0-301F-11D3-BF4B-00C04F79EFBC}") = "App02_TipoPaginaXF.UWP", "App02_TipoPaginaXF\App02_TipoPaginaXF.UWP\App02_TipoPaginaXF.UWP.csproj", "{785CFEA9-468B-4AF5-9681-97C5F75CD374}"
EndProject
Project("{FAE04EC0-301F-11D3-BF4B-00C04F79EFBC}") = "App02_TipoPaginaXF", "App02_TipoPaginaXF\App02_TipoPaginaXF\App02_TipoPaginaXF.csproj", "{599C2099-2F3A-47A7-8755-9D8FFC449E4B}"
EndProject
Global
	GlobalSection(SolutionConfigurationPlatforms) = preSolution
		Ad-Hoc|Any CPU = Ad-Hoc|Any CPU
		Ad-Hoc|ARM = Ad-Hoc|ARM
		Ad-Hoc|iPhone = Ad-Hoc|iPhone
		Ad-Hoc|iPhoneSimulator = Ad-Hoc|iPhoneSimulator
		Ad-Hoc|x64 = Ad-Hoc|x64
		Ad-Hoc|x86 = Ad-Hoc|x86
		AppStore|Any CPU = AppStore|Any CPU
		AppStore|ARM = AppStore|ARM
		AppStore|iPhone = AppStore|iPhone
		AppStore|iPhoneSimulator = AppStore|iPhoneSimulator
		AppStore|x64 = AppStore|x64
		AppStore|x86 = AppStore|x86
		Debug|Any CPU = Debug|Any CPU
		Debug|ARM = Debug|ARM
		Debug|iPhone = Debug|iPhone
		Debug|iPhoneSimulator = Debug|iPhoneSimulator
		Debug|x64 = Debug|x64
		Debug|x86 = Debug|x86
		Release|Any CPU = Release|Any CPU
		Release|ARM = Release|ARM
		Release|iPhone = Release|iPhone
		Release|iPhoneSimulator = Release|iPhoneSimulator
		Release|x64 = Release|x64
		Release|x86 = Release|x86
	EndGlobalSection
	GlobalSection(ProjectConfigurationPlatforms) = postSolution
		{C276CC88-D7DD-4C09-BD16-F97B1DAE6419}.Ad-Hoc|Any CPU.ActiveCfg = Release|Any CPU
		{C276CC88-D7DD-4C09-BD16-F97B1DAE6419}.Ad-Hoc|Any CPU.Build.0 = Release|Any CPU
		{C276CC88-D7DD-4C09-BD16-F97B1DAE6419}.Ad-Hoc|Any CPU.Deploy.0 = Release|Any CPU
		{C276CC88-D7DD-4C09-BD16-F97B1DAE6419}.Ad-Hoc|ARM.ActiveCfg = Release|Any CPU
		{C276CC88-D7DD-4C09-BD16-F97B1DAE6419}.Ad-Hoc|ARM.Build.0 = Release|Any CPU
		{C276CC88-D7DD-4C09-BD16-F97B1DAE6419}.Ad-Hoc|ARM.Deploy.0 = Release|Any CPU
		{C276CC88-D7DD-4C09-BD16-F97B1DAE6419}.Ad-Hoc|iPhone.ActiveCfg = Release|Any CPU
		{C276CC88-D7DD-4C09-BD16-F97B1DAE6419}.Ad-Hoc|iPhone.Build.0 = Release|Any CPU
		{C276CC88-D7DD-4C09-BD16-F97B1DAE6419}.Ad-Hoc|iPhone.Deploy.0 = Release|Any CPU
		{C276CC88-D7DD-4C09-BD16-F97B1DAE6419}.Ad-Hoc|iPhoneSimulator.ActiveCfg = Release|Any CPU
		{C276CC88-D7DD-4C09-BD16-F97B1DAE6419}.Ad-Hoc|iPhoneSimulator.Build.0 = Release|Any CPU
		{C276CC88-D7DD-4C09-BD16-F97B1DAE6419}.Ad-Hoc|iPhoneSimulator.Deploy.0 = Release|Any CPU
		{C276CC88-D7DD-4C09-BD16-F97B1DAE6419}.Ad-Hoc|x64.ActiveCfg = Release|Any CPU
		{C276CC88-D7DD-4C09-BD16-F97B1DAE6419}.Ad-Hoc|x64.Build.0 = Release|Any CPU
		{C276CC88-D7DD-4C09-BD16-F97B1DAE6419}.Ad-Hoc|x64.Deploy.0 = Release|Any CPU
		{C276CC88-D7DD-4C09-BD16-F97B1DAE6419}.Ad-Hoc|x86.ActiveCfg = Release|Any CPU
		{C276CC88-D7DD-4C09-BD16-F97B1DAE6419}.Ad-Hoc|x86.Build.0 = Release|Any CPU
		{C276CC88-D7DD-4C09-BD16-F97B1DAE6419}.Ad-Hoc|x86.Deploy.0 = Release|Any CPU
		{C276CC88-D7DD-4C09-BD16-F97B1DAE6419}.AppStore|Any CPU.ActiveCfg = Release|Any CPU
		{C276CC88-D7DD-4C09-BD16-F97B1DAE6419}.AppStore|Any CPU.Build.0 = Release|Any CPU
		{C276CC88-D7DD-4C09-BD16-F97B1DAE6419}.AppStore|Any CPU.Deploy.0 = Release|Any CPU
		{C276CC88-D7DD-4C09-BD16-F97B1DAE6419}.AppStore|ARM.ActiveCfg = Release|Any CPU
		{C276CC88-D7DD-4C09-BD16-F97B1DAE6419}.AppStore|ARM.Build.0 = Release|Any CPU
		{C276CC88-D7DD-4C09-BD16-F97B1DAE6419}.AppStore|ARM.Deploy.0 = Release|Any CPU
		{C276CC88-D7DD-4C09-BD16-F97B1DAE6419}.AppStore|iPhone.ActiveCfg = Release|Any CPU
		{C276CC88-D7DD-4C09-BD16-F97B1DAE6419}.AppStore|iPhone.Build.0 = Release|Any CPU
		{C276CC88-D7DD-4C09-BD16-F97B1DAE6419}.AppStore|iPhone.Deploy.0 = Release|Any CPU
		{C276CC88-D7DD-4C09-BD16-F97B1DAE6419}.AppStore|iPhoneSimulator.ActiveCfg = Release|Any CPU
		{C276CC88-D7DD-4C09-BD16-F97B1DAE6419}.AppStore|iPhoneSimulator.Build.0 = Release|Any CPU
		{C276CC88-D7DD-4C09-BD16-F97B1DAE6419}.AppStore|iPhoneSimulator.Deploy.0 = Release|Any CPU
		{C276CC88-D7DD-4C09-BD16-F97B1DAE6419}.AppStore|x64.ActiveCfg = Release|Any CPU
		{C276CC88-D7DD-4C09-BD16-F97B1DAE6419}.AppStore|x64.Build.0 = Release|Any CPU
		{C276CC88-D7DD-4C09-BD16-F97B1DAE6419}.AppStore|x64.Deploy.0 = Release|Any CPU
		{C276CC88-D7DD-4C09-BD16-F97B1DAE6419}.AppStore|x86.ActiveCfg = Release|Any CPU
		{C276CC88-D7DD-4C09-BD16-F97B1DAE6419}.AppStore|x86.Build.0 = Release|Any CPU
		{C276CC88-D7DD-4C09-BD16-F97B1DAE6419}.AppStore|x86.Deploy.0 = Release|Any CPU
		{C276CC88-D7DD-4C09-BD16-F97B1DAE6419}.Debug|Any CPU.ActiveCfg = Debug|Any CPU
		{C276CC88-D7DD-4C09-BD16-F97B1DAE6419}.Debug|Any CPU.Build.0 = Debug|Any CPU
		{C276CC88-D7DD-4C09-BD16-F97B1DAE6419}.Debug|Any CPU.Deploy.0 = Debug|Any CPU
		{C276CC88-D7DD-4C09-BD16-F97B1DAE6419}.Debug|ARM.ActiveCfg = Debug|Any CPU
		{C276CC88-D7DD-4C09-BD16-F97B1DAE6419}.Debug|ARM.Build.0 = Debug|Any CPU
		{C276CC88-D7DD-4C09-BD16-F97B1DAE6419}.Debug|ARM.Deploy.0 = Debug|Any CPU
		{C276CC88-D7DD-4C09-BD16-F97B1DAE6419}.Debug|iPhone.ActiveCfg = Debug|Any CPU
		{C276CC88-D7DD-4C09-BD16-F97B1DAE6419}.Debug|iPhone.Build.0 = Debug|Any CPU
		{C276CC88-D7DD-4C09-BD16-F97B1DAE6419}.Debug|iPhone.Deploy.0 = Debug|Any CPU
		{C276CC88-D7DD-4C09-BD16-F97B1DAE6419}.Debug|iPhoneSimulator.ActiveCfg = Debug|Any CPU
		{C276CC88-D7DD-4C09-BD16-F97B1DAE6419}.Debug|iPhoneSimulator.Build.0 = Debug|Any CPU
		{C276CC88-D7DD-4C09-BD16-F97B1DAE6419}.Debug|iPhoneSimulator.Deploy.0 = Debug|Any CPU
		{C276CC88-D7DD-4C09-BD16-F97B1DAE6419}.Debug|x64.ActiveCfg = Debug|Any CPU
		{C276CC88-D7DD-4C09-BD16-F97B1DAE6419}.Debug|x64.Build.0 = Debug|Any CPU
		{C276CC88-D7DD-4C09-BD16-F97B1DAE6419}.Debug|x64.Deploy.0 = Debug|Any CPU
		{C276CC88-D7DD-4C09-BD16-F97B1DAE6419}.Debug|x86.ActiveCfg = Debug|Any CPU
		{C276CC88-D7DD-4C09-BD16-F97B1DAE6419}.Debug|x86.Build.0 = Debug|Any CPU
		{C276CC88-D7DD-4C09-BD16-F97B1DAE6419}.Debug|x86.Deploy.0 = Debug|Any CPU
		{C276CC88-D7DD-4C09-BD16-F97B1DAE6419}.Release|Any CPU.ActiveCfg = Release|Any CPU
		{C276CC88-D7DD-4C09-BD16-F97B1DAE6419}.Release|Any CPU.Build.0 = Release|Any CPU
		{C276CC88-D7DD-4C09-BD16-F97B1DAE6419}.Release|Any CPU.Deploy.0 = Release|Any CPU
		{C276CC88-D7DD-4C09-BD16-F97B1DAE6419}.Release|ARM.ActiveCfg = Release|Any CPU
		{C276CC88-D7DD-4C09-BD16-F97B1DAE6419}.Release|ARM.Build.0 = Release|Any CPU
		{C276CC88-D7DD-4C09-BD16-F97B1DAE6419}.Release|ARM.Deploy.0 = Release|Any CPU
		{C276CC88-D7DD-4C09-BD16-F97B1DAE6419}.Release|iPhone.ActiveCfg = Release|Any CPU
		{C276CC88-D7DD-4C09-BD16-F97B1DAE6419}.Release|iPhone.Build.0 = Release|Any CPU
		{C276CC88-D7DD-4C09-BD16-F97B1DAE6419}.Release|iPhone.Deploy.0 = Release|Any CPU
		{C276CC88-D7DD-4C09-BD16-F97B1DAE6419}.Release|iPhoneSimulator.ActiveCfg = Release|Any CPU
		{C276CC88-D7DD-4C09-BD16-F97B1DAE6419}.Release|iPhoneSimulator.Build.0 = Release|Any CPU
		{C276CC88-D7DD-4C09-BD16-F97B1DAE6419}.Release|iPhoneSimulator.Deploy.0 = Release|Any CPU
		{C276CC88-D7DD-4C09-BD16-F97B1DAE6419}.Release|x64.ActiveCfg = Release|Any CPU
		{C276CC88-D7DD-4C09-BD16-F97B1DAE6419}.Release|x64.Build.0 = Release|Any CPU
		{C276CC88-D7DD-4C09-BD16-F97B1DAE6419}.Release|x64.Deploy.0 = Release|Any CPU
		{C276CC88-D7DD-4C09-BD16-F97B1DAE6419}.Release|x86.ActiveCfg = Release|Any CPU
		{C276CC88-D7DD-4C09-BD16-F97B1DAE6419}.Release|x86.Build.0 = Release|Any CPU
		{C276CC88-D7DD-4C09-BD16-F97B1DAE6419}.Release|x86.Deploy.0 = Release|Any CPU
		{D35BEE45-F31D-40C6-8471-739A0DBAA146}.Ad-Hoc|Any CPU.ActiveCfg = Ad-Hoc|iPhone
		{D35BEE45-F31D-40C6-8471-739A0DBAA146}.Ad-Hoc|Any CPU.Build.0 = Ad-Hoc|iPhone
		{D35BEE45-F31D-40C6-8471-739A0DBAA146}.Ad-Hoc|Any CPU.Deploy.0 = Ad-Hoc|iPhone
		{D35BEE45-F31D-40C6-8471-739A0DBAA146}.Ad-Hoc|ARM.ActiveCfg = Ad-Hoc|iPhone
		{D35BEE45-F31D-40C6-8471-739A0DBAA146}.Ad-Hoc|ARM.Build.0 = Ad-Hoc|iPhone
		{D35BEE45-F31D-40C6-8471-739A0DBAA146}.Ad-Hoc|ARM.Deploy.0 = Ad-Hoc|iPhone
		{D35BEE45-F31D-40C6-8471-739A0DBAA146}.Ad-Hoc|iPhone.ActiveCfg = Ad-Hoc|iPhone
		{D35BEE45-F31D-40C6-8471-739A0DBAA146}.Ad-Hoc|iPhone.Build.0 = Ad-Hoc|iPhone
		{D35BEE45-F31D-40C6-8471-739A0DBAA146}.Ad-Hoc|iPhone.Deploy.0 = Ad-Hoc|iPhone
		{D35BEE45-F31D-40C6-8471-739A0DBAA146}.Ad-Hoc|iPhoneSimulator.ActiveCfg = Ad-Hoc|iPhoneSimulator
		{D35BEE45-F31D-40C6-8471-739A0DBAA146}.Ad-Hoc|iPhoneSimulator.Build.0 = Ad-Hoc|iPhoneSimulator
		{D35BEE45-F31D-40C6-8471-739A0DBAA146}.Ad-Hoc|iPhoneSimulator.Deploy.0 = Ad-Hoc|iPhoneSimulator
		{D35BEE45-F31D-40C6-8471-739A0DBAA146}.Ad-Hoc|x64.ActiveCfg = Ad-Hoc|iPhone
		{D35BEE45-F31D-40C6-8471-739A0DBAA146}.Ad-Hoc|x64.Build.0 = Ad-Hoc|iPhone
		{D35BEE45-F31D-40C6-8471-739A0DBAA146}.Ad-Hoc|x64.Deploy.0 = Ad-Hoc|iPhone
		{D35BEE45-F31D-40C6-8471-739A0DBAA146}.Ad-Hoc|x86.ActiveCfg = Ad-Hoc|iPhone
		{D35BEE45-F31D-40C6-8471-739A0DBAA146}.Ad-Hoc|x86.Build.0 = Ad-Hoc|iPhone
		{D35BEE45-F31D-40C6-8471-739A0DBAA146}.Ad-Hoc|x86.Deploy.0 = Ad-Hoc|iPhone
		{D35BEE45-F31D-40C6-8471-739A0DBAA146}.AppStore|Any CPU.ActiveCfg = AppStore|iPhone
		{D35BEE45-F31D-40C6-8471-739A0DBAA146}.AppStore|Any CPU.Build.0 = AppStore|iPhone
		{D35BEE45-F31D-40C6-8471-739A0DBAA146}.AppStore|Any CPU.Deploy.0 = AppStore|iPhone
		{D35BEE45-F31D-40C6-8471-739A0DBAA146}.AppStore|ARM.ActiveCfg = AppStore|iPhone
		{D35BEE45-F31D-40C6-8471-739A0DBAA146}.AppStore|ARM.Build.0 = AppStore|iPhone
		{D35BEE45-F31D-40C6-8471-739A0DBAA146}.AppStore|ARM.Deploy.0 = AppStore|iPhone
		{D35BEE45-F31D-40C6-8471-739A0DBAA146}.AppStore|iPhone.ActiveCfg = AppStore|iPhone
		{D35BEE45-F31D-40C6-8471-739A0DBAA146}.AppStore|iPhone.Build.0 = AppStore|iPhone
		{D35BEE45-F31D-40C6-8471-739A0DBAA146}.AppStore|iPhone.Deploy.0 = AppStore|iPhone
		{D35BEE45-F31D-40C6-8471-739A0DBAA146}.AppStore|iPhoneSimulator.ActiveCfg = AppStore|iPhoneSimulator
		{D35BEE45-F31D-40C6-8471-739A0DBAA146}.AppStore|iPhoneSimulator.Build.0 = AppStore|iPhoneSimulator
		{D35BEE45-F31D-40C6-8471-739A0DBAA146}.AppStore|iPhoneSimulator.Deploy.0 = AppStore|iPhoneSimulator
		{D35BEE45-F31D-40C6-8471-739A0DBAA146}.AppStore|x64.ActiveCfg = AppStore|iPhone
		{D35BEE45-F31D-40C6-8471-739A0DBAA146}.AppStore|x64.Build.0 = AppStore|iPhone
		{D35BEE45-F31D-40C6-8471-739A0DBAA146}.AppStore|x64.Deploy.0 = AppStore|iPhone
		{D35BEE45-F31D-40C6-8471-739A0DBAA146}.AppStore|x86.ActiveCfg = AppStore|iPhone
		{D35BEE45-F31D-40C6-8471-739A0DBAA146}.AppStore|x86.Build.0 = AppStore|iPhone
		{D35BEE45-F31D-40C6-8471-739A0DBAA146}.AppStore|x86.Deploy.0 = AppStore|iPhone
		{D35BEE45-F31D-40C6-8471-739A0DBAA146}.Debug|Any CPU.ActiveCfg = Debug|iPhoneSimulator
		{D35BEE45-F31D-40C6-8471-739A0DBAA146}.Debug|Any CPU.Build.0 = Debug|iPhoneSimulator
		{D35BEE45-F31D-40C6-8471-739A0DBAA146}.Debug|Any CPU.Deploy.0 = Debug|iPhoneSimulator
		{D35BEE45-F31D-40C6-8471-739A0DBAA146}.Debug|ARM.ActiveCfg = Debug|iPhone
		{D35BEE45-F31D-40C6-8471-739A0DBAA146}.Debug|ARM.Build.0 = Debug|iPhone
		{D35BEE45-F31D-40C6-8471-739A0DBAA146}.Debug|ARM.Deploy.0 = Debug|iPhone
		{D35BEE45-F31D-40C6-8471-739A0DBAA146}.Debug|iPhone.ActiveCfg = Debug|iPhone
		{D35BEE45-F31D-40C6-8471-739A0DBAA146}.Debug|iPhone.Build.0 = Debug|iPhone
		{D35BEE45-F31D-40C6-8471-739A0DBAA146}.Debug|iPhone.Deploy.0 = Debug|iPhone
		{D35BEE45-F31D-40C6-8471-739A0DBAA146}.Debug|iPhoneSimulator.ActiveCfg = Debug|iPhoneSimulator
		{D35BEE45-F31D-40C6-8471-739A0DBAA146}.Debug|iPhoneSimulator.Build.0 = Debug|iPhoneSimulator
		{D35BEE45-F31D-40C6-8471-739A0DBAA146}.Debug|iPhoneSimulator.Deploy.0 = Debug|iPhoneSimulator
		{D35BEE45-F31D-40C6-8471-739A0DBAA146}.Debug|x64.ActiveCfg = Debug|iPhone
		{D35BEE45-F31D-40C6-8471-739A0DBAA146}.Debug|x64.Build.0 = Debug|iPhone
		{D35BEE45-F31D-40C6-8471-739A0DBAA146}.Debug|x64.Deploy.0 = Debug|iPhone
		{D35BEE45-F31D-40C6-8471-739A0DBAA146}.Debug|x86.ActiveCfg = Debug|iPhone
		{D35BEE45-F31D-40C6-8471-739A0DBAA146}.Debug|x86.Build.0 = Debug|iPhone
		{D35BEE45-F31D-40C6-8471-739A0DBAA146}.Debug|x86.Deploy.0 = Debug|iPhone
		{D35BEE45-F31D-40C6-8471-739A0DBAA146}.Release|Any CPU.ActiveCfg = Release|iPhone
		{D35BEE45-F31D-40C6-8471-739A0DBAA146}.Release|Any CPU.Build.0 = Release|iPhone
		{D35BEE45-F31D-40C6-8471-739A0DBAA146}.Release|Any CPU.Deploy.0 = Release|iPhone
		{D35BEE45-F31D-40C6-8471-739A0DBAA146}.Release|ARM.ActiveCfg = Release|iPhone
		{D35BEE45-F31D-40C6-8471-739A0DBAA146}.Release|ARM.Build.0 = Release|iPhone
		{D35BEE45-F31D-40C6-8471-739A0DBAA146}.Release|ARM.Deploy.0 = Release|iPhone
		{D35BEE45-F31D-40C6-8471-739A0DBAA146}.Release|iPhone.ActiveCfg = Release|iPhone
		{D35BEE45-F31D-40C6-8471-739A0DBAA146}.Release|iPhone.Build.0 = Release|iPhone
		{D35BEE45-F31D-40C6-8471-739A0DBAA146}.Release|iPhone.Deploy.0 = Release|iPhone
		{D35BEE45-F31D-40C6-8471-739A0DBAA146}.Release|iPhoneSimulator.ActiveCfg = Release|iPhoneSimulator
		{D35BEE45-F31D-40C6-8471-739A0DBAA146}.Release|iPhoneSimulator.Build.0 = Release|iPhoneSimulator
		{D35BEE45-F31D-40C6-8471-739A0DBAA146}.Release|iPhoneSimulator.Deploy.0 = Release|iPhoneSimulator
		{D35BEE45-F31D-40C6-8471-739A0DBAA146}.Release|x64.ActiveCfg = Release|iPhone
		{D35BEE45-F31D-40C6-8471-739A0DBAA146}.Release|x64.Build.0 = Release|iPhone
		{D35BEE45-F31D-40C6-8471-739A0DBAA146}.Release|x64.Deploy.0 = Release|iPhone
		{D35BEE45-F31D-40C6-8471-739A0DBAA146}.Release|x86.ActiveCfg = Release|iPhone
		{D35BEE45-F31D-40C6-8471-739A0DBAA146}.Release|x86.Build.0 = Release|iPhone
		{D35BEE45-F31D-40C6-8471-739A0DBAA146}.Release|x86.Deploy.0 = Release|iPhone
		{785CFEA9-468B-4AF5-9681-97C5F75CD374}.Ad-Hoc|Any CPU.ActiveCfg = Release|x86
		{785CFEA9-468B-4AF5-9681-97C5F75CD374}.Ad-Hoc|Any CPU.Build.0 = Release|x86
		{785CFEA9-468B-4AF5-9681-97C5F75CD374}.Ad-Hoc|Any CPU.Deploy.0 = Release|x86
		{785CFEA9-468B-4AF5-9681-97C5F75CD374}.Ad-Hoc|ARM.ActiveCfg = Release|ARM
		{785CFEA9-468B-4AF5-9681-97C5F75CD374}.Ad-Hoc|ARM.Build.0 = Release|ARM
		{785CFEA9-468B-4AF5-9681-97C5F75CD374}.Ad-Hoc|ARM.Deploy.0 = Release|ARM
		{785CFEA9-468B-4AF5-9681-97C5F75CD374}.Ad-Hoc|iPhone.ActiveCfg = Release|x86
		{785CFEA9-468B-4AF5-9681-97C5F75CD374}.Ad-Hoc|iPhone.Build.0 = Release|x86
		{785CFEA9-468B-4AF5-9681-97C5F75CD374}.Ad-Hoc|iPhone.Deploy.0 = Release|x86
		{785CFEA9-468B-4AF5-9681-97C5F75CD374}.Ad-Hoc|iPhoneSimulator.ActiveCfg = Release|x86
		{785CFEA9-468B-4AF5-9681-97C5F75CD374}.Ad-Hoc|iPhoneSimulator.Build.0 = Release|x86
		{785CFEA9-468B-4AF5-9681-97C5F75CD374}.Ad-Hoc|iPhoneSimulator.Deploy.0 = Release|x86
		{785CFEA9-468B-4AF5-9681-97C5F75CD374}.Ad-Hoc|x64.ActiveCfg = Release|x64
		{785CFEA9-468B-4AF5-9681-97C5F75CD374}.Ad-Hoc|x64.Build.0 = Release|x64
		{785CFEA9-468B-4AF5-9681-97C5F75CD374}.Ad-Hoc|x64.Deploy.0 = Release|x64
		{785CFEA9-468B-4AF5-9681-97C5F75CD374}.Ad-Hoc|x86.ActiveCfg = Release|x86
		{785CFEA9-468B-4AF5-9681-97C5F75CD374}.Ad-Hoc|x86.Build.0 = Release|x86
		{785CFEA9-468B-4AF5-9681-97C5F75CD374}.Ad-Hoc|x86.Deploy.0 = Release|x86
		{785CFEA9-468B-4AF5-9681-97C5F75CD374}.AppStore|Any CPU.ActiveCfg = Release|x86
		{785CFEA9-468B-4AF5-9681-97C5F75CD374}.AppStore|Any CPU.Build.0 = Release|x86
		{785CFEA9-468B-4AF5-9681-97C5F75CD374}.AppStore|Any CPU.Deploy.0 = Release|x86
		{785CFEA9-468B-4AF5-9681-97C5F75CD374}.AppStore|ARM.ActiveCfg = Release|ARM
		{785CFEA9-468B-4AF5-9681-97C5F75CD374}.AppStore|ARM.Build.0 = Release|ARM
		{785CFEA9-468B-4AF5-9681-97C5F75CD374}.AppStore|ARM.Deploy.0 = Release|ARM
		{785CFEA9-468B-4AF5-9681-97C5F75CD374}.AppStore|iPhone.ActiveCfg = Release|x86
		{785CFEA9-468B-4AF5-9681-97C5F75CD374}.AppStore|iPhone.Build.0 = Release|x86
		{785CFEA9-468B-4AF5-9681-97C5F75CD374}.AppStore|iPhone.Deploy.0 = Release|x86
		{785CFEA9-468B-4AF5-9681-97C5F75CD374}.AppStore|iPhoneSimulator.ActiveCfg = Release|x86
		{785CFEA9-468B-4AF5-9681-97C5F75CD374}.AppStore|iPhoneSimulator.Build.0 = Release|x86
		{785CFEA9-468B-4AF5-9681-97C5F75CD374}.AppStore|iPhoneSimulator.Deploy.0 = Release|x86
		{785CFEA9-468B-4AF5-9681-97C5F75CD374}.AppStore|x64.ActiveCfg = Release|x64
		{785CFEA9-468B-4AF5-9681-97C5F75CD374}.AppStore|x64.Build.0 = Release|x64
		{785CFEA9-468B-4AF5-9681-97C5F75CD374}.AppStore|x64.Deploy.0 = Release|x64
		{785CFEA9-468B-4AF5-9681-97C5F75CD374}.AppStore|x86.ActiveCfg = Release|x86
		{785CFEA9-468B-4AF5-9681-97C5F75CD374}.AppStore|x86.Build.0 = Release|x86
		{785CFEA9-468B-4AF5-9681-97C5F75CD374}.AppStore|x86.Deploy.0 = Release|x86
		{785CFEA9-468B-4AF5-9681-97C5F75CD374}.Debug|Any CPU.ActiveCfg = Debug|x86
		{785CFEA9-468B-4AF5-9681-97C5F75CD374}.Debug|Any CPU.Build.0 = Debug|x86
		{785CFEA9-468B-4AF5-9681-97C5F75CD374}.Debug|Any CPU.Deploy.0 = Debug|x86
		{785CFEA9-468B-4AF5-9681-97C5F75CD374}.Debug|ARM.ActiveCfg = Debug|ARM
		{785CFEA9-468B-4AF5-9681-97C5F75CD374}.Debug|ARM.Build.0 = Debug|ARM
		{785CFEA9-468B-4AF5-9681-97C5F75CD374}.Debug|ARM.Deploy.0 = Debug|ARM
		{785CFEA9-468B-4AF5-9681-97C5F75CD374}.Debug|iPhone.ActiveCfg = Debug|x86
		{785CFEA9-468B-4AF5-9681-97C5F75CD374}.Debug|iPhone.Build.0 = Debug|x86
		{785CFEA9-468B-4AF5-9681-97C5F75CD374}.Debug|iPhone.Deploy.0 = Debug|x86
		{785CFEA9-468B-4AF5-9681-97C5F75CD374}.Debug|iPhoneSimulator.ActiveCfg = Debug|x86
		{785CFEA9-468B-4AF5-9681-97C5F75CD374}.Debug|iPhoneSimulator.Build.0 = Debug|x86
		{785CFEA9-468B-4AF5-9681-97C5F75CD374}.Debug|iPhoneSimulator.Deploy.0 = Debug|x86
		{785CFEA9-468B-4AF5-9681-97C5F75CD374}.Debug|x64.ActiveCfg = Debug|x64
		{785CFEA9-468B-4AF5-9681-97C5F75CD374}.Debug|x64.Build.0 = Debug|x64
		{785CFEA9-468B-4AF5-9681-97C5F75CD374}.Debug|x64.Deploy.0 = Debug|x64
		{785CFEA9-468B-4AF5-9681-97C5F75CD374}.Debug|x86.ActiveCfg = Debug|x86
		{785CFEA9-468B-4AF5-9681-97C5F75CD374}.Debug|x86.Build.0 = Debug|x86
		{785CFEA9-468B-4AF5-9681-97C5F75CD374}.Debug|x86.Deploy.0 = Debug|x86
		{785CFEA9-468B-4AF5-9681-97C5F75CD374}.Release|Any CPU.ActiveCfg = Release|x86
		{785CFEA9-468B-4AF5-9681-97C5F75CD374}.Release|Any CPU.Build.0 = Release|x86
		{785CFEA9-468B-4AF5-9681-97C5F75CD374}.Release|Any CPU.Deploy.0 = Release|x86
		{785CFEA9-468B-4AF5-9681-97C5F75CD374}.Release|ARM.ActiveCfg = Release|ARM
		{785CFEA9-468B-4AF5-9681-97C5F75CD374}.Release|ARM.Build.0 = Release|ARM
		{785CFEA9-468B-4AF5-9681-97C5F75CD374}.Release|ARM.Deploy.0 = Release|ARM
		{785CFEA9-468B-4AF5-9681-97C5F75CD374}.Release|iPhone.ActiveCfg = Release|x86
		{785CFEA9-468B-4AF5-9681-97C5F75CD374}.Release|iPhone.Build.0 = Release|x86
		{785CFEA9-468B-4AF5-9681-97C5F75CD374}.Release|iPhone.Deploy.0 = Release|x86
		{785CFEA9-468B-4AF5-9681-97C5F75CD374}.Release|iPhoneSimulator.ActiveCfg = Release|x86
		{785CFEA9-468B-4AF5-9681-97C5F75CD374}.Release|iPhoneSimulator.Build.0 = Release|x86
		{785CFEA9-468B-4AF5-9681-97C5F75CD374}.Release|iPhoneSimulator.Deploy.0 = Release|x86
		{785CFEA9-468B-4AF5-9681-97C5F75CD374}.Release|x64.ActiveCfg = Release|x64
		{785CFEA9-468B-4AF5-9681-97C5F75CD374}.Release|x64.Build.0 = Release|x64
		{785CFEA9-468B-4AF5-9681-97C5F75CD374}.Release|x64.Deploy.0 = Release|x64
		{785CFEA9-468B-4AF5-9681-97C5F75CD374}.Release|x86.ActiveCfg = Release|x86
		{785CFEA9-468B-4AF5-9681-97C5F75CD374}.Release|x86.Build.0 = Release|x86
		{785CFEA9-468B-4AF5-9681-97C5F75CD374}.Release|x86.Deploy.0 = Release|x86
		{599C2099-2F3A-47A7-8755-9D8FFC449E4B}.Ad-Hoc|Any CPU.ActiveCfg = Debug|Any CPU
		{599C2099-2F3A-47A7-8755-9D8FFC449E4B}.Ad-Hoc|Any CPU.Build.0 = Debug|Any CPU
		{599C2099-2F3A-47A7-8755-9D8FFC449E4B}.Ad-Hoc|Any CPU.Deploy.0 = Debug|Any CPU
		{599C2099-2F3A-47A7-8755-9D8FFC449E4B}.Ad-Hoc|ARM.ActiveCfg = Debug|Any CPU
		{599C2099-2F3A-47A7-8755-9D8FFC449E4B}.Ad-Hoc|ARM.Build.0 = Debug|Any CPU
		{599C2099-2F3A-47A7-8755-9D8FFC449E4B}.Ad-Hoc|ARM.Deploy.0 = Debug|Any CPU
		{599C2099-2F3A-47A7-8755-9D8FFC449E4B}.Ad-Hoc|iPhone.ActiveCfg = Debug|Any CPU
		{599C2099-2F3A-47A7-8755-9D8FFC449E4B}.Ad-Hoc|iPhone.Build.0 = Debug|Any CPU
		{599C2099-2F3A-47A7-8755-9D8FFC449E4B}.Ad-Hoc|iPhone.Deploy.0 = Debug|Any CPU
		{599C2099-2F3A-47A7-8755-9D8FFC449E4B}.Ad-Hoc|iPhoneSimulator.ActiveCfg = Debug|Any CPU
		{599C2099-2F3A-47A7-8755-9D8FFC449E4B}.Ad-Hoc|iPhoneSimulator.Build.0 = Debug|Any CPU
		{599C2099-2F3A-47A7-8755-9D8FFC449E4B}.Ad-Hoc|iPhoneSimulator.Deploy.0 = Debug|Any CPU
		{599C2099-2F3A-47A7-8755-9D8FFC449E4B}.Ad-Hoc|x64.ActiveCfg = Debug|Any CPU
		{599C2099-2F3A-47A7-8755-9D8FFC449E4B}.Ad-Hoc|x64.Build.0 = Debug|Any CPU
		{599C2099-2F3A-47A7-8755-9D8FFC449E4B}.Ad-Hoc|x64.Deploy.0 = Debug|Any CPU
		{599C2099-2F3A-47A7-8755-9D8FFC449E4B}.Ad-Hoc|x86.ActiveCfg = Debug|Any CPU
		{599C2099-2F3A-47A7-8755-9D8FFC449E4B}.Ad-Hoc|x86.Build.0 = Debug|Any CPU
		{599C2099-2F3A-47A7-8755-9D8FFC449E4B}.Ad-Hoc|x86.Deploy.0 = Debug|Any CPU
		{599C2099-2F3A-47A7-8755-9D8FFC449E4B}.AppStore|Any CPU.ActiveCfg = Debug|Any CPU
		{599C2099-2F3A-47A7-8755-9D8FFC449E4B}.AppStore|Any CPU.Build.0 = Debug|Any CPU
		{599C2099-2F3A-47A7-8755-9D8FFC449E4B}.AppStore|Any CPU.Deploy.0 = Debug|Any CPU
		{599C2099-2F3A-47A7-8755-9D8FFC449E4B}.AppStore|ARM.ActiveCfg = Debug|Any CPU
		{599C2099-2F3A-47A7-8755-9D8FFC449E4B}.AppStore|ARM.Build.0 = Debug|Any CPU
		{599C2099-2F3A-47A7-8755-9D8FFC449E4B}.AppStore|ARM.Deploy.0 = Debug|Any CPU
		{599C2099-2F3A-47A7-8755-9D8FFC449E4B}.AppStore|iPhone.ActiveCfg = Debug|Any CPU
		{599C2099-2F3A-47A7-8755-9D8FFC449E4B}.AppStore|iPhone.Build.0 = Debug|Any CPU
		{599C2099-2F3A-47A7-8755-9D8FFC449E4B}.AppStore|iPhone.Deploy.0 = Debug|Any CPU
		{599C2099-2F3A-47A7-8755-9D8FFC449E4B}.AppStore|iPhoneSimulator.ActiveCfg = Debug|Any CPU
		{599C2099-2F3A-47A7-8755-9D8FFC449E4B}.AppStore|iPhoneSimulator.Build.0 = Debug|Any CPU
		{599C2099-2F3A-47A7-8755-9D8FFC449E4B}.AppStore|iPhoneSimulator.Deploy.0 = Debug|Any CPU
		{599C2099-2F3A-47A7-8755-9D8FFC449E4B}.AppStore|x64.ActiveCfg = Debug|Any CPU
		{599C2099-2F3A-47A7-8755-9D8FFC449E4B}.AppStore|x64.Build.0 = Debug|Any CPU
		{599C2099-2F3A-47A7-8755-9D8FFC449E4B}.AppStore|x64.Deploy.0 = Debug|Any CPU
		{599C2099-2F3A-47A7-8755-9D8FFC449E4B}.AppStore|x86.ActiveCfg = Debug|Any CPU
		{599C2099-2F3A-47A7-8755-9D8FFC449E4B}.AppStore|x86.Build.0 = Debug|Any CPU
		{599C2099-2F3A-47A7-8755-9D8FFC449E4B}.AppStore|x86.Deploy.0 = Debug|Any CPU
		{599C2099-2F3A-47A7-8755-9D8FFC449E4B}.Debug|Any CPU.ActiveCfg = Debug|Any CPU
		{599C2099-2F3A-47A7-8755-9D8FFC449E4B}.Debug|Any CPU.Build.0 = Debug|Any CPU
		{599C2099-2F3A-47A7-8755-9D8FFC449E4B}.Debug|Any CPU.Deploy.0 = Debug|Any CPU
		{599C2099-2F3A-47A7-8755-9D8FFC449E4B}.Debug|ARM.ActiveCfg = Debug|Any CPU
		{599C2099-2F3A-47A7-8755-9D8FFC449E4B}.Debug|ARM.Build.0 = Debug|Any CPU
		{599C2099-2F3A-47A7-8755-9D8FFC449E4B}.Debug|ARM.Deploy.0 = Debug|Any CPU
		{599C2099-2F3A-47A7-8755-9D8FFC449E4B}.Debug|iPhone.ActiveCfg = Debug|Any CPU
		{599C2099-2F3A-47A7-8755-9D8FFC449E4B}.Debug|iPhone.Build.0 = Debug|Any CPU
		{599C2099-2F3A-47A7-8755-9D8FFC449E4B}.Debug|iPhone.Deploy.0 = Debug|Any CPU
		{599C2099-2F3A-47A7-8755-9D8FFC449E4B}.Debug|iPhoneSimulator.ActiveCfg = Debug|Any CPU
		{599C2099-2F3A-47A7-8755-9D8FFC449E4B}.Debug|iPhoneSimulator.Build.0 = Debug|Any CPU
		{599C2099-2F3A-47A7-8755-9D8FFC449E4B}.Debug|iPhoneSimulator.Deploy.0 = Debug|Any CPU
		{599C2099-2F3A-47A7-8755-9D8FFC449E4B}.Debug|x64.ActiveCfg = Debug|Any CPU
		{599C2099-2F3A-47A7-8755-9D8FFC449E4B}.Debug|x64.Build.0 = Debug|Any CPU
		{599C2099-2F3A-47A7-8755-9D8FFC449E4B}.Debug|x64.Deploy.0 = Debug|Any CPU
		{599C2099-2F3A-47A7-8755-9D8FFC449E4B}.Debug|x86.ActiveCfg = Debug|Any CPU
		{599C2099-2F3A-47A7-8755-9D8FFC449E4B}.Debug|x86.Build.0 = Debug|Any CPU
		{599C2099-2F3A-47A7-8755-9D8FFC449E4B}.Debug|x86.Deploy.0 = Debug|Any CPU
		{599C2099-2F3A-47A7-8755-9D8FFC449E4B}.Release|Any CPU.ActiveCfg = Release|Any CPU
		{599C2099-2F3A-47A7-8755-9D8FFC449E4B}.Release|Any CPU.Build.0 = Release|Any CPU
		{599C2099-2F3A-47A7-8755-9D8FFC449E4B}.Release|Any CPU.Deploy.0 = Release|Any CPU
		{599C2099-2F3A-47A7-8755-9D8FFC449E4B}.Release|ARM.ActiveCfg = Release|Any CPU
		{599C2099-2F3A-47A7-8755-9D8FFC449E4B}.Release|ARM.Build.0 = Release|Any CPU
		{599C2099-2F3A-47A7-8755-9D8FFC449E4B}.Release|ARM.Deploy.0 = Release|Any CPU
		{599C2099-2F3A-47A7-8755-9D8FFC449E4B}.Release|iPhone.ActiveCfg = Release|Any CPU
		{599C2099-2F3A-47A7-8755-9D8FFC449E4B}.Release|iPhone.Build.0 = Release|Any CPU
		{599C2099-2F3A-47A7-8755-9D8FFC449E4B}.Release|iPhone.Deploy.0 = Release|Any CPU
		{599C2099-2F3A-47A7-8755-9D8FFC449E4B}.Release|iPhoneSimulator.ActiveCfg = Release|Any CPU
		{599C2099-2F3A-47A7-8755-9D8FFC449E4B}.Release|iPhoneSimulator.Build.0 = Release|Any CPU
		{599C2099-2F3A-47A7-8755-9D8FFC449E4B}.Release|iPhoneSimulator.Deploy.0 = Release|Any CPU
		{599C2099-2F3A-47A7-8755-9D8FFC449E4B}.Release|x64.ActiveCfg = Release|Any CPU
		{599C2099-2F3A-47A7-8755-9D8FFC449E4B}.Release|x64.Build.0 = Release|Any CPU
		{599C2099-2F3A-47A7-8755-9D8FFC449E4B}.Release|x64.Deploy.0 = Release|Any CPU
		{599C2099-2F3A-47A7-8755-9D8FFC449E4B}.Release|x86.ActiveCfg = Release|Any CPU
		{599C2099-2F3A-47A7-8755-9D8FFC449E4B}.Release|x86.Build.0 = Release|Any CPU
		{599C2099-2F3A-47A7-8755-9D8FFC449E4B}.Release|x86.Deploy.0 = Release|Any CPU
	EndGlobalSection
	GlobalSection(SolutionProperties) = preSolution
		HideSolutionNode = FALSE
	EndGlobalSection
	GlobalSection(ExtensibilityGlobals) = postSolution
		SolutionGuid = {14C65484-FC6C-47E0-AB61-EAFB7779BE3E}
	EndGlobalSection
EndGlobal
